// !$*UTF8*$!
{
	archiveVersion = 1;
	classes = {
	};
	objectVersion = 46;
	objects = {
/* Begin PBXBuildFile section */
		01954232DAEF4929BC3F0A44 /* zxing-all-in-one.cpp in Sources */ = {isa = PBXBuildFile; fileRef = 3666678753234ED4AFCA134A /* zxing-all-in-one.cpp */; };
		0207DA581B56EA530066E2B4 /* Images.xcassets in Resources */ = {isa = PBXBuildFile; fileRef = 0207DA571B56EA530066E2B4 /* Images.xcassets */; };
		0951A49CA0A04E298759603E /* SDVReader-CoverPage.png in Resources */ = {isa = PBXBuildFile; fileRef = 4AEC661546014FE2A2FD5A8A /* SDVReader-CoverPage.png */; };
		1491B2FC62C1468FB8343E81 /* CDVDevice.m in Sources */ = {isa = PBXBuildFile; fileRef = 1553C575E9D04FB7B8A3F5C3 /* CDVDevice.m */; };
		155F35A1107748E1AFF8E274 /* Reader-Mark-Y.png in Resources */ = {isa = PBXBuildFile; fileRef = B3DEF36A5B5F46CF9414448C /* Reader-Mark-Y.png */; };
		18621CBF68C24ECDA967E455 /* ReaderThumbFetch.m in Sources */ = {isa = PBXBuildFile; fileRef = B92F4054506E43A6924DF37B /* ReaderThumbFetch.m */; };
		1B9939430D5747A8B2622E7E /* AppIcon-057.png in Resources */ = {isa = PBXBuildFile; fileRef = D8D92C1225D246218332BAE8 /* AppIcon-057.png */; };
		1D3623260D0F684500981E51 /* AppDelegate.m in Sources */ = {isa = PBXBuildFile; fileRef = 1D3623250D0F684500981E51 /* AppDelegate.m */; };
		1D60589B0D05DD56006BFB54 /* main.m in Sources */ = {isa = PBXBuildFile; fileRef = 29B97316FDCFA39411CA2CEA /* main.m */; };
		1D772DFB6F784F3DA6DFB2D7 /* SDVThumbsMainToolbar.m in Sources */ = {isa = PBXBuildFile; fileRef = 8C83404F9DD6432297F285A4 /* SDVThumbsMainToolbar.m */; };
		1DA70C3F1FB14FE59FAC0FEC /* CGPDFDocument.m in Sources */ = {isa = PBXBuildFile; fileRef = 91206C5C7CCB4273B2748503 /* CGPDFDocument.m */; };
		1FBC5DFDB2854CD9B10894AC /* Reader-Thumbs@2x.png in Resources */ = {isa = PBXBuildFile; fileRef = 553CC4D8F57A48E29CD3C59A /* Reader-Thumbs@2x.png */; };
		23F522C6273A4091B06DF319 /* Reader-Email.png in Resources */ = {isa = PBXBuildFile; fileRef = 6E8E35CFB20F4BE8BDF9B62B /* Reader-Email.png */; };
		2977D24EAEE344A79B9275C6 /* SDVReader-Outline.png in Resources */ = {isa = PBXBuildFile; fileRef = 9B904335139444379892372E /* SDVReader-Outline.png */; };
		301BF552109A68D80062928A /* libCordova.a in Frameworks */ = {isa = PBXBuildFile; fileRef = 301BF535109A57CC0062928A /* libCordova.a */; };
		302D95F114D2391D003F00A1 /* MainViewController.m in Sources */ = {isa = PBXBuildFile; fileRef = 302D95EF14D2391D003F00A1 /* MainViewController.m */; };
		302D95F214D2391D003F00A1 /* MainViewController.xib in Resources */ = {isa = PBXBuildFile; fileRef = 302D95F014D2391D003F00A1 /* MainViewController.xib */; };
		308639DAC0A148B6BDBA4997 /* ReaderThumbView.m in Sources */ = {isa = PBXBuildFile; fileRef = 3B8CC0E758FF491883938B49 /* ReaderThumbView.m */; };
		317DEE1A252145F5A8C3D6A3 /* ReaderThumbCache.m in Sources */ = {isa = PBXBuildFile; fileRef = 0155F5946A4F4362969D9B88 /* ReaderThumbCache.m */; };
		31F74427AE95472FB417D281 /* SQLitePlugin.m in Sources */ = {isa = PBXBuildFile; fileRef = B6CCCDD904F04F8BB3A1DDBE /* SQLitePlugin.m */; };
		3208971D171C4BFF8C69C7C9 /* CDVContact.m in Sources */ = {isa = PBXBuildFile; fileRef = 5B5B79565AA24D61BCE4D771 /* CDVContact.m */; };
		33B5DB3C17E04581A2833F89 /* ReaderContentTile.m in Sources */ = {isa = PBXBuildFile; fileRef = 544B3B6E675D4E71B2DA2ACA /* ReaderContentTile.m */; };
		3AB73F34D31C43B1AC395C6B /* SDVReader-Outline@2x.png in Resources */ = {isa = PBXBuildFile; fileRef = 2001C4C5169148A1805075CC /* SDVReader-Outline@2x.png */; };
		3D4E47937014470D8C719978 /* IonicKeyboard.m in Sources */ = {isa = PBXBuildFile; fileRef = C419BB5155F940BA8593DEB6 /* IonicKeyboard.m */; };
		3D8CA7C7EC3B44ADA9A21B1E /* UIKit.framework in Frameworks */ = {isa = PBXBuildFile; fileRef = BD45E0A610F44C388D6709DF /* UIKit.framework */; };
		3ED89109C061421EB9C2FD9E /* SDVReaderMainToolbar.m in Sources */ = {isa = PBXBuildFile; fileRef = 26960A53BBB24F21BDE8AA6D /* SDVReaderMainToolbar.m */; };
		41B80341F0114948B660195A /* SDVReaderViewController.m in Sources */ = {isa = PBXBuildFile; fileRef = 10D5DC7BBA6A4D09B58A6DD8 /* SDVReaderViewController.m */; };
		42C481AA28794B2F9C6D3A0A /* CDVContacts.m in Sources */ = {isa = PBXBuildFile; fileRef = 2510D5859B994DBCBC23322E /* CDVContacts.m */; };
		4A1DEC46A55B4135ACF5F2D4 /* SDVReader-DoublePage.png in Resources */ = {isa = PBXBuildFile; fileRef = C36E7E733CAB44538C3C0C54 /* SDVReader-DoublePage.png */; };
		4E01C29605DA4887A32DBE54 /* UIXToolbarView.m in Sources */ = {isa = PBXBuildFile; fileRef = E39DB23C564A48A8B94DA071 /* UIXToolbarView.m */; };
		4F3C4D75525E4FC2AD65EFFD /* CDVAssetLibraryFilesystem.m in Sources */ = {isa = PBXBuildFile; fileRef = C673DB4D7EC846F582FFAFD2 /* CDVAssetLibraryFilesystem.m */; };
		549FC5DC8CEE4D1586703EEB /* ReaderDocumentOutline.m in Sources */ = {isa = PBXBuildFile; fileRef = BD56D80E1C104CD4891581E7 /* ReaderDocumentOutline.m */; };
		5540CDC0539D493EAAEB8CBA /* ReaderViewController+SDVReaderViewControllerPassThrough.m in Sources */ = {isa = PBXBuildFile; fileRef = 7929D1E97EDB4A50B8DD1213 /* ReaderViewController+SDVReaderViewControllerPassThrough.m */; };
		5571D6EE18C746C493828F2E /* ThumbsViewController.m in Sources */ = {isa = PBXBuildFile; fileRef = AE090ACE65574ACC952EDE22 /* ThumbsViewController.m */; };
		55FDED08D9F9424094EA1215 /* SitewaertsDocumentViewer.m in Sources */ = {isa = PBXBuildFile; fileRef = 847DF244F05540DFA8EA8EBC /* SitewaertsDocumentViewer.m */; };
		587B3BDF1E71423B878C86CF /* CDVNotification.bundle in Resources */ = {isa = PBXBuildFile; fileRef = E6CDAA00359B44E1A87C0817 /* CDVNotification.bundle */; };
		58FD29B8421642C8BB698421 /* ThumbsMainToolbar+SDVThumbsMainToolbarPassThrough.m in Sources */ = {isa = PBXBuildFile; fileRef = 5D518927BBF346D2BDD3D5C9 /* ThumbsMainToolbar+SDVThumbsMainToolbarPassThrough.m */; };
		5F8A4F4CCC874CBCBAA9CC06 /* AppIcon-180.png in Resources */ = {isa = PBXBuildFile; fileRef = 6191E7887DB6474DBA7B0CF1 /* AppIcon-180.png */; };
		5FD6E732AD27491FBA177A7F /* ThumbsMainToolbar.m in Sources */ = {isa = PBXBuildFile; fileRef = 7B7F691A0F024B9886C0A8E1 /* ThumbsMainToolbar.m */; };
		60C339224B2D42DF97457A66 /* AppIcon-114.png in Resources */ = {isa = PBXBuildFile; fileRef = 028A8D03B9454FDC9F0F41C5 /* AppIcon-114.png */; };
		622FBEAF2EB340DD8F0DDC13 /* AppIcon-076.png in Resources */ = {isa = PBXBuildFile; fileRef = 1950CF9707DE4A1D84B9CE86 /* AppIcon-076.png */; };
		623061367D2E4965B28DF2C2 /* ReaderDocument.m in Sources */ = {isa = PBXBuildFile; fileRef = C31B5BF1B3FC4D1382FB4B74 /* ReaderDocument.m */; };
		662DFAE692A9489197FCF64E /* ReaderConstants.m in Sources */ = {isa = PBXBuildFile; fileRef = 18531CC210FB4BDAA228E182 /* ReaderConstants.m */; };
		67CD53520AA2462DBAFB3718 /* sqlite3.c in Sources */ = {isa = PBXBuildFile; fileRef = 30DA04EF782C4D7F92EA81C6 /* sqlite3.c */; settings = {COMPILER_FLAGS = "-DSQLITE_TEMP_STORE=2 -DSQLITE_THREADSAFE=2 -DSQLITE_ENABLE_FTS3 -DSQLITE_ENABLE_FTS3_PARENTHESIS -DSQLITE_ENABLE_FTS4 -DSQLITE_ENABLE_COLUMN_METADATA -DSQLITE_ENABLE_RTREE -DSQLITE_LOCKING_STYLE=1 -DSQLITE_OMIT_BUILTIN_TEST -DSQLITE_OMIT_LOAD_EXTENSION"; }; };
		68698563C49144A1AB908BDE /* Reader-Button-H.png in Resources */ = {isa = PBXBuildFile; fileRef = 38E7501D84424B5A8B5DF3A4 /* Reader-Button-H.png */; };
		6AFF5BF91D6E424B00AB3073 /* CDVLaunchScreen.storyboard in Resources */ = {isa = PBXBuildFile; fileRef = 6AFF5BF81D6E424B00AB3073 /* CDVLaunchScreen.storyboard */; };
		6C8476D6E2B64E27ADB5AA01 /* CDVLocalFilesystem.m in Sources */ = {isa = PBXBuildFile; fileRef = CA04ED9F38E6470AA4DEAC2F /* CDVLocalFilesystem.m */; };
		6D648D793AB44D10AABEAD72 /* Reader-Export@2x.png in Resources */ = {isa = PBXBuildFile; fileRef = 6337061999124582BDC07E61 /* Reader-Export@2x.png */; };
		6EE08A1B020C48F8A63725B6 /* CoreVideo.framework in Frameworks */ = {isa = PBXBuildFile; fileRef = F94ED341999A46B883FF75FD /* CoreVideo.framework */; };
		700CE9EACA014FEDA354B57E /* AudioToolbox.framework in Frameworks */ = {isa = PBXBuildFile; fileRef = 1495914822544F69A670DD59 /* AudioToolbox.framework */; settings = {ATTRIBUTES = (Weak, ); }; };
		727449D2D7844CF7A681A001 /* Reader-Button-N@2x.png in Resources */ = {isa = PBXBuildFile; fileRef = 2B607FA59EFA44838A34C9F5 /* Reader-Button-N@2x.png */; };
		745BB8E928514353AFC1C7CB /* SDVReader-DoublePage@2x.png in Resources */ = {isa = PBXBuildFile; fileRef = 67343988290544298964DD22 /* SDVReader-DoublePage@2x.png */; };
		7D95B7345B8E4AF6A264BE78 /* ReaderThumbsView.m in Sources */ = {isa = PBXBuildFile; fileRef = B22AFD2437624630A99F93CF /* ReaderThumbsView.m */; };
		85985E8BACCB493B931BE044 /* CDVBarcodeScanner.mm in Sources */ = {isa = PBXBuildFile; fileRef = 1A2191FD0C154D91A0B3B903 /* CDVBarcodeScanner.mm */; settings = {COMPILER_FLAGS = "-fno-objc-arc"; }; };
		8A3BF4A4F5404C4686D40432 /* ThumbsViewController+SDVThumbsViewControllerPassThrough.m in Sources */ = {isa = PBXBuildFile; fileRef = D1D90978C5F44AF9A59F43A9 /* ThumbsViewController+SDVThumbsViewControllerPassThrough.m */; };
		8A8A4797D720449484F0A0AF /* Reader-Export.png in Resources */ = {isa = PBXBuildFile; fileRef = D62AF86C46B5419AB7B40FA2 /* Reader-Export.png */; };
		8DF8B4BAAE8747C388B2894A /* AddressBookUI.framework in Frameworks */ = {isa = PBXBuildFile; fileRef = DB655A61CF7446049E2D076C /* AddressBookUI.framework */; settings = {ATTRIBUTES = (Weak, ); }; };
		927282FFA3F0498C9A05E176 /* CDVInAppBrowser.m in Sources */ = {isa = PBXBuildFile; fileRef = 1B06CDFF048545D98E66C2F8 /* CDVInAppBrowser.m */; };
		9D1581EDAEE244FBA9F7A8A6 /* AppIcon-152.png in Resources */ = {isa = PBXBuildFile; fileRef = 10BEBEF715DD43EDA599C873 /* AppIcon-152.png */; };
		9DB3949653BC4686889DA529 /* Reader-Thumbs.png in Resources */ = {isa = PBXBuildFile; fileRef = 61E71AAA4E934D40B8A91516 /* Reader-Thumbs.png */; };
		9E53153094EE4017B5B45F01 /* ReaderMainToolbar.m in Sources */ = {isa = PBXBuildFile; fileRef = FC4EED91B3F0480CAEF41925 /* ReaderMainToolbar.m */; };
		A4CDF1962CAD4AD9AA7EA5ED /* ReaderThumbQueue.m in Sources */ = {isa = PBXBuildFile; fileRef = B328BE3FF33D4F6CAF2A279B /* ReaderThumbQueue.m */; };
		A5F0120EC5A24A91849F5125 /* CDVSplashScreen.m in Sources */ = {isa = PBXBuildFile; fileRef = FFA84D5A61CE4C2D9550347A /* CDVSplashScreen.m */; };
		A68CB52146344FB3BEBCE249 /* Reader-Email@2x.png in Resources */ = {isa = PBXBuildFile; fileRef = CB4F8E6F02D3452E8785428D /* Reader-Email@2x.png */; };
		A8818AE74B6042B3843A7C2B /* AppIcon-120.png in Resources */ = {isa = PBXBuildFile; fileRef = 0274BA416EBC429895504D33 /* AppIcon-120.png */; };
		A91E233CFD1D456499453E48 /* SDVThumbsViewController.m in Sources */ = {isa = PBXBuildFile; fileRef = B9C26CDCCFA2443493FF7267 /* SDVThumbsViewController.m */; };
		AAAAECF31078421DAF84FC00 /* AppIcon-144.png in Resources */ = {isa = PBXBuildFile; fileRef = 2341A72B086C4B058ADC838A /* AppIcon-144.png */; };
		ABECD5A4B8A94564B1B51D12 /* Reader-Button-N.png in Resources */ = {isa = PBXBuildFile; fileRef = 8864CFB9C0D047E89C1D0874 /* Reader-Button-N.png */; };
		AF54842DCEC04FEF9C252445 /* CDVViewController+SplashScreen.m in Sources */ = {isa = PBXBuildFile; fileRef = CF0FC6EFF6B94DC78F9AD3B0 /* CDVViewController+SplashScreen.m */; };
		B0C396D653AC4DE69A1871E4 /* Reader-Button-H@2x.png in Resources */ = {isa = PBXBuildFile; fileRef = 5F92547405214F55BF7DBDEC /* Reader-Button-H@2x.png */; };
		B228B0D531C64518972C4F15 /* QuartzCore.framework in Frameworks */ = {isa = PBXBuildFile; fileRef = 22DEDF27CAF946539D6734E6 /* QuartzCore.framework */; };
		B433A2C71DF14A8B8BED3F4F /* SDVReaderContentViewDoublePage.m in Sources */ = {isa = PBXBuildFile; fileRef = 9045EEC8CEA740AE82B56332 /* SDVReaderContentViewDoublePage.m */; };
		B4B914CC26FF46398FC9AD69 /* Reader-Print.png in Resources */ = {isa = PBXBuildFile; fileRef = D32D3A7D34774F5CAD64E754 /* Reader-Print.png */; };
		B5EA6C8A20174EEEBD303915 /* Default-568h@2x.png in Resources */ = {isa = PBXBuildFile; fileRef = D22B1D42E1E14B6BB2687D7D /* Default-568h@2x.png */; };
		B6257CBC922844CB99C427E0 /* ReaderViewController.m in Sources */ = {isa = PBXBuildFile; fileRef = 6A40F504A94E42BD86230F1C /* ReaderViewController.m */; };
		BB38026BA3904399A0EE3B96 /* Reader-Mark-N.png in Resources */ = {isa = PBXBuildFile; fileRef = 987DFD11E337402B8EE5381F /* Reader-Mark-N.png */; };
		BFFF4087A4074B048A9710A8 /* SDVReader-CoverPage@2x.png in Resources */ = {isa = PBXBuildFile; fileRef = 699FBB327B704B95AC0E0649 /* SDVReader-CoverPage@2x.png */; };
		C2EFDB84F50B4F61BA128FF7 /* SDVReaderMainPagebar.m in Sources */ = {isa = PBXBuildFile; fileRef = D62BEB535B0F4232BB59AD9B /* SDVReaderMainPagebar.m */; };
		C8418A6F099748048D42AC70 /* ReaderThumbRequest.m in Sources */ = {isa = PBXBuildFile; fileRef = 9D27A82EEC3142AABB00235B /* ReaderThumbRequest.m */; };
		CD2789DA7E394AACA4669B8B /* AVFoundation.framework in Frameworks */ = {isa = PBXBuildFile; fileRef = 3DA030C0EAD744A39BA8B359 /* AVFoundation.framework */; };
		CD5C2F7472F54E6B9D7BC77C /* Reader-Print@2x.png in Resources */ = {isa = PBXBuildFile; fileRef = 73E7FB7BC4AF4A7F929C84D0 /* Reader-Print@2x.png */; };
		CD76D9483E314B2C8EFAD0E3 /* ReaderMainPagebar.m in Sources */ = {isa = PBXBuildFile; fileRef = 3B7510EAC370490CAEE475B7 /* ReaderMainPagebar.m */; };
		CE4FEAEE29BF439B949C91E2 /* CDVNotification.m in Sources */ = {isa = PBXBuildFile; fileRef = DE0BB80C1B824EFD992C116E /* CDVNotification.m */; };
		D65E57AAA0364DE5BACFFD71 /* AppIcon-072.png in Resources */ = {isa = PBXBuildFile; fileRef = 1249586E82EB42C6AE6CA50B /* AppIcon-072.png */; };
		D66005CBE06949B69EEF3333 /* scannerOverlay.xib in Resources */ = {isa = PBXBuildFile; fileRef = C3A2EF19C5EE489FAED23CEF /* scannerOverlay.xib */; };
		D7A948C7A2604F728A7A1770 /* CDVLogger.m in Sources */ = {isa = PBXBuildFile; fileRef = F339FC65AEDB4A45B6691FC7 /* CDVLogger.m */; };
		DEDC0C8CD6C24EDCB8CEC987 /* Reader-Mark-Y@2x.png in Resources */ = {isa = PBXBuildFile; fileRef = CA6EADDA6DC54ED5A93E316C /* Reader-Mark-Y@2x.png */; };
		E08018C6466B4FC29C3F3FE2 /* ReaderMainToolbar+SDVReaderMainToolbarPassThrough.m in Sources */ = {isa = PBXBuildFile; fileRef = 66AB330132FB4F5ABC1BE587 /* ReaderMainToolbar+SDVReaderMainToolbarPassThrough.m */; };
		E1E23B2CD6184C28A9B3099D /* libiconv.dylib in Frameworks */ = {isa = PBXBuildFile; fileRef = 9DC5405BA5844167A7CA9644 /* libiconv.dylib */; };
		E2D52C438FB84D3F9F89152C /* Reader-Mark-N@2x.png in Resources */ = {isa = PBXBuildFile; fileRef = F08B07C2DA594C148A5064F3 /* Reader-Mark-N@2x.png */; };
		E8712870F9F94CB8BD057EFF /* ReaderThumbRender.m in Sources */ = {isa = PBXBuildFile; fileRef = 2B541223EEB44E39948226B3 /* ReaderThumbRender.m */; };
		EA79EE0F3B9344E3932198C2 /* ImageIO.framework in Frameworks */ = {isa = PBXBuildFile; fileRef = 7FA495384E07432685C6ED2B /* ImageIO.framework */; };
		ED0E5E29252942ECB2F27A02 /* ReaderContentView.m in Sources */ = {isa = PBXBuildFile; fileRef = 3E1A0612D5D14E7FA6055B24 /* ReaderContentView.m */; };
		F03FAF5AF86A4CA0AC2ECBF4 /* SDVReader-SinglePage.png in Resources */ = {isa = PBXBuildFile; fileRef = 223B8C1D9BBE4E4AB302CE6F /* SDVReader-SinglePage.png */; };
		F66C9AB25CEC4EDAB89D3CC6 /* CDVFile.m in Sources */ = {isa = PBXBuildFile; fileRef = B549CE519D5E4418B355CADA /* CDVFile.m */; };
		F7067EA1F4594E7499A1DC82 /* ReaderContentPage.m in Sources */ = {isa = PBXBuildFile; fileRef = 4E3331B5C6BE4811A2F16EB3 /* ReaderContentPage.m */; };
		F85D6946A88741F4ADF037DC /* AddressBook.framework in Frameworks */ = {isa = PBXBuildFile; fileRef = 5B9E310C17224EFDB05B8F89 /* AddressBook.framework */; settings = {ATTRIBUTES = (Weak, ); }; };
		FA16FF8B890C4101B288B327 /* Foundation.framework in Frameworks */ = {isa = PBXBuildFile; fileRef = 07A9C39DE4734AA5B704D380 /* Foundation.framework */; };
		FBBEDEA590C04A1EB89F0E8F /* MessageUI.framework in Frameworks */ = {isa = PBXBuildFile; fileRef = FE98A6581DB740BBB5EE5AF6 /* MessageUI.framework */; };
		FD6EFBA83EBE4B8BA66AB84E /* SDVReader-SinglePage@2x.png in Resources */ = {isa = PBXBuildFile; fileRef = 47397ABCBA444DF7934ABC7D /* SDVReader-SinglePage@2x.png */; };
/* End PBXBuildFile section */

/* Begin PBXContainerItemProxy section */
		301BF534109A57CC0062928A /* PBXContainerItemProxy */ = {
			isa = PBXContainerItemProxy;
			containerPortal = 301BF52D109A57CC0062928A /* CordovaLib.xcodeproj */;
			proxyType = 2;
			remoteGlobalIDString = D2AAC07E0554694100DB518D;
			remoteInfo = CordovaLib;
		};
		301BF550109A68C00062928A /* PBXContainerItemProxy */ = {
			isa = PBXContainerItemProxy;
			containerPortal = 301BF52D109A57CC0062928A /* CordovaLib.xcodeproj */;
			proxyType = 1;
			remoteGlobalIDString = D2AAC07D0554694100DB518D;
			remoteInfo = CordovaLib;
		};
/* End PBXContainerItemProxy section */

/* Begin PBXFileReference section */
		001B7C0B782649FA820692B7 /* ThumbsMainToolbar.h */ = {isa = PBXFileReference; explicitFileType = undefined; fileEncoding = 4; includeInIndex = 0; lastKnownFileType = sourcecode.c.h; name = ThumbsMainToolbar.h; path = "cordova-plugin-document-viewer/ThumbsMainToolbar.h"; sourceTree = "<group>"; };
		0155F5946A4F4362969D9B88 /* ReaderThumbCache.m */ = {isa = PBXFileReference; explicitFileType = undefined; fileEncoding = 4; includeInIndex = 0; lastKnownFileType = sourcecode.c.objc; name = ReaderThumbCache.m; path = "cordova-plugin-document-viewer/ReaderThumbCache.m"; sourceTree = "<group>"; };
		0207DA571B56EA530066E2B4 /* Images.xcassets */ = {isa = PBXFileReference; lastKnownFileType = folder.assetcatalog; name = Images.xcassets; path = Flynn/Images.xcassets; sourceTree = SOURCE_ROOT; };
		0274BA416EBC429895504D33 /* AppIcon-120.png */ = {isa = PBXFileReference; explicitFileType = undefined; fileEncoding = 9; includeInIndex = 0; lastKnownFileType = unknown; path = "AppIcon-120.png"; sourceTree = "<group>"; };
		028A8D03B9454FDC9F0F41C5 /* AppIcon-114.png */ = {isa = PBXFileReference; explicitFileType = undefined; fileEncoding = 9; includeInIndex = 0; lastKnownFileType = unknown; path = "AppIcon-114.png"; sourceTree = "<group>"; };
		05D95ACB309548F6948937FA /* SDVReaderContentViewDoublePage.h */ = {isa = PBXFileReference; explicitFileType = undefined; fileEncoding = 4; includeInIndex = 0; lastKnownFileType = sourcecode.c.h; name = SDVReaderContentViewDoublePage.h; path = "cordova-plugin-document-viewer/SDVReaderContentViewDoublePage.h"; sourceTree = "<group>"; };
		07A9C39DE4734AA5B704D380 /* Foundation.framework */ = {isa = PBXFileReference; explicitFileType = undefined; fileEncoding = 9; includeInIndex = 0; lastKnownFileType = wrapper.framework; name = Foundation.framework; path = System/Library/Frameworks/Foundation.framework; sourceTree = SDKROOT; };
		08508C67516A494D8CAEACF5 /* ReaderViewController.h */ = {isa = PBXFileReference; explicitFileType = undefined; fileEncoding = 4; includeInIndex = 0; lastKnownFileType = sourcecode.c.h; name = ReaderViewController.h; path = "cordova-plugin-document-viewer/ReaderViewController.h"; sourceTree = "<group>"; };
		0BDA7CE6CDBB411B9D565E85 /* CDVInAppBrowser.h */ = {isa = PBXFileReference; explicitFileType = undefined; fileEncoding = 4; includeInIndex = 0; lastKnownFileType = sourcecode.c.h; name = CDVInAppBrowser.h; path = "cordova-plugin-inappbrowser/CDVInAppBrowser.h"; sourceTree = "<group>"; };
		0DF3F7EDB98D42C29F62343B /* ReaderThumbRender.h */ = {isa = PBXFileReference; explicitFileType = undefined; fileEncoding = 4; includeInIndex = 0; lastKnownFileType = sourcecode.c.h; name = ReaderThumbRender.h; path = "cordova-plugin-document-viewer/ReaderThumbRender.h"; sourceTree = "<group>"; };
		10BEBEF715DD43EDA599C873 /* AppIcon-152.png */ = {isa = PBXFileReference; explicitFileType = undefined; fileEncoding = 9; includeInIndex = 0; lastKnownFileType = unknown; path = "AppIcon-152.png"; sourceTree = "<group>"; };
		10D5DC7BBA6A4D09B58A6DD8 /* SDVReaderViewController.m */ = {isa = PBXFileReference; explicitFileType = undefined; fileEncoding = 4; includeInIndex = 0; lastKnownFileType = sourcecode.c.objc; name = SDVReaderViewController.m; path = "cordova-plugin-document-viewer/SDVReaderViewController.m"; sourceTree = "<group>"; };
		1249586E82EB42C6AE6CA50B /* AppIcon-072.png */ = {isa = PBXFileReference; explicitFileType = undefined; fileEncoding = 9; includeInIndex = 0; lastKnownFileType = unknown; path = "AppIcon-072.png"; sourceTree = "<group>"; };
		1495914822544F69A670DD59 /* AudioToolbox.framework */ = {isa = PBXFileReference; explicitFileType = undefined; fileEncoding = 9; includeInIndex = 0; lastKnownFileType = wrapper.framework; name = AudioToolbox.framework; path = System/Library/Frameworks/AudioToolbox.framework; sourceTree = SDKROOT; };
		14B32BD893354ED2B901A047 /* SitewaertsDocumentViewer.h */ = {isa = PBXFileReference; explicitFileType = undefined; fileEncoding = 4; includeInIndex = 0; lastKnownFileType = sourcecode.c.h; name = SitewaertsDocumentViewer.h; path = "cordova-plugin-document-viewer/SitewaertsDocumentViewer.h"; sourceTree = "<group>"; };
		1553C575E9D04FB7B8A3F5C3 /* CDVDevice.m */ = {isa = PBXFileReference; explicitFileType = undefined; fileEncoding = 4; includeInIndex = 0; lastKnownFileType = sourcecode.c.objc; name = CDVDevice.m; path = "cordova-plugin-device/CDVDevice.m"; sourceTree = "<group>"; };
		18531CC210FB4BDAA228E182 /* ReaderConstants.m */ = {isa = PBXFileReference; explicitFileType = undefined; fileEncoding = 4; includeInIndex = 0; lastKnownFileType = sourcecode.c.objc; name = ReaderConstants.m; path = "cordova-plugin-document-viewer/ReaderConstants.m"; sourceTree = "<group>"; };
		1950CF9707DE4A1D84B9CE86 /* AppIcon-076.png */ = {isa = PBXFileReference; explicitFileType = undefined; fileEncoding = 9; includeInIndex = 0; lastKnownFileType = unknown; path = "AppIcon-076.png"; sourceTree = "<group>"; };
		1A2191FD0C154D91A0B3B903 /* CDVBarcodeScanner.mm */ = {isa = PBXFileReference; explicitFileType = undefined; fileEncoding = 9; includeInIndex = 0; lastKnownFileType = unknown; name = CDVBarcodeScanner.mm; path = "cordova-plugin-barcodescanner/CDVBarcodeScanner.mm"; sourceTree = "<group>"; };
		1A4A95F26C3E4070A2967AEB /* IonicKeyboard.h */ = {isa = PBXFileReference; explicitFileType = undefined; fileEncoding = 4; includeInIndex = 0; lastKnownFileType = sourcecode.c.h; name = IonicKeyboard.h; path = "ionic-plugin-keyboard/IonicKeyboard.h"; sourceTree = "<group>"; };
		1B06CDFF048545D98E66C2F8 /* CDVInAppBrowser.m */ = {isa = PBXFileReference; explicitFileType = undefined; fileEncoding = 4; includeInIndex = 0; lastKnownFileType = sourcecode.c.objc; name = CDVInAppBrowser.m; path = "cordova-plugin-inappbrowser/CDVInAppBrowser.m"; sourceTree = "<group>"; };
		1D3623240D0F684500981E51 /* AppDelegate.h */ = {isa = PBXFileReference; fileEncoding = 4; lastKnownFileType = sourcecode.c.h; path = AppDelegate.h; sourceTree = "<group>"; };
		1D3623250D0F684500981E51 /* AppDelegate.m */ = {isa = PBXFileReference; fileEncoding = 4; lastKnownFileType = sourcecode.c.objc; path = AppDelegate.m; sourceTree = "<group>"; };
		1D6058910D05DD3D006BFB54 /* Flynn.app */ = {isa = PBXFileReference; explicitFileType = wrapper.application; includeInIndex = 0; path = Flynn.app; sourceTree = BUILT_PRODUCTS_DIR; };
		1DC71038466F42219C8DF2B4 /* ThumbsMainToolbar+SDVThumbsMainToolbarPassThrough.h */ = {isa = PBXFileReference; explicitFileType = undefined; fileEncoding = 4; includeInIndex = 0; lastKnownFileType = sourcecode.c.h; name = "ThumbsMainToolbar+SDVThumbsMainToolbarPassThrough.h"; path = "cordova-plugin-document-viewer/ThumbsMainToolbar+SDVThumbsMainToolbarPassThrough.h"; sourceTree = "<group>"; };
		2001C4C5169148A1805075CC /* SDVReader-Outline@2x.png */ = {isa = PBXFileReference; explicitFileType = undefined; fileEncoding = 9; includeInIndex = 0; lastKnownFileType = unknown; path = "SDVReader-Outline@2x.png"; sourceTree = "<group>"; };
		223B8C1D9BBE4E4AB302CE6F /* SDVReader-SinglePage.png */ = {isa = PBXFileReference; explicitFileType = undefined; fileEncoding = 9; includeInIndex = 0; lastKnownFileType = unknown; path = "SDVReader-SinglePage.png"; sourceTree = "<group>"; };
		22DEDF27CAF946539D6734E6 /* QuartzCore.framework */ = {isa = PBXFileReference; explicitFileType = undefined; fileEncoding = 9; includeInIndex = 0; lastKnownFileType = wrapper.framework; name = QuartzCore.framework; path = System/Library/Frameworks/QuartzCore.framework; sourceTree = SDKROOT; };
		2341A72B086C4B058ADC838A /* AppIcon-144.png */ = {isa = PBXFileReference; explicitFileType = undefined; fileEncoding = 9; includeInIndex = 0; lastKnownFileType = unknown; path = "AppIcon-144.png"; sourceTree = "<group>"; };
		2510D5859B994DBCBC23322E /* CDVContacts.m */ = {isa = PBXFileReference; explicitFileType = undefined; fileEncoding = 4; includeInIndex = 0; lastKnownFileType = sourcecode.c.objc; name = CDVContacts.m; path = "cordova-plugin-contacts/CDVContacts.m"; sourceTree = "<group>"; };
		26960A53BBB24F21BDE8AA6D /* SDVReaderMainToolbar.m */ = {isa = PBXFileReference; explicitFileType = undefined; fileEncoding = 4; includeInIndex = 0; lastKnownFileType = sourcecode.c.objc; name = SDVReaderMainToolbar.m; path = "cordova-plugin-document-viewer/SDVReaderMainToolbar.m"; sourceTree = "<group>"; };
		29B97316FDCFA39411CA2CEA /* main.m */ = {isa = PBXFileReference; fileEncoding = 4; lastKnownFileType = sourcecode.c.objc; path = main.m; sourceTree = "<group>"; };
		2B541223EEB44E39948226B3 /* ReaderThumbRender.m */ = {isa = PBXFileReference; explicitFileType = undefined; fileEncoding = 4; includeInIndex = 0; lastKnownFileType = sourcecode.c.objc; name = ReaderThumbRender.m; path = "cordova-plugin-document-viewer/ReaderThumbRender.m"; sourceTree = "<group>"; };
		2B607FA59EFA44838A34C9F5 /* Reader-Button-N@2x.png */ = {isa = PBXFileReference; explicitFileType = undefined; fileEncoding = 9; includeInIndex = 0; lastKnownFileType = unknown; path = "Reader-Button-N@2x.png"; sourceTree = "<group>"; };
		301BF52D109A57CC0062928A /* CordovaLib.xcodeproj */ = {isa = PBXFileReference; lastKnownFileType = "wrapper.pb-project"; name = CordovaLib.xcodeproj; path = CordovaLib/CordovaLib.xcodeproj; sourceTree = "<group>"; };
		301BF56E109A69640062928A /* www */ = {isa = PBXFileReference; lastKnownFileType = folder; path = www; sourceTree = SOURCE_ROOT; };
		302D95EE14D2391D003F00A1 /* MainViewController.h */ = {isa = PBXFileReference; fileEncoding = 4; lastKnownFileType = sourcecode.c.h; path = MainViewController.h; sourceTree = "<group>"; };
		302D95EF14D2391D003F00A1 /* MainViewController.m */ = {isa = PBXFileReference; fileEncoding = 4; lastKnownFileType = sourcecode.c.objc; path = MainViewController.m; sourceTree = "<group>"; };
		302D95F014D2391D003F00A1 /* MainViewController.xib */ = {isa = PBXFileReference; fileEncoding = 4; lastKnownFileType = file.xib; path = MainViewController.xib; sourceTree = "<group>"; };
		3047A50F1AB8059700498E2A /* build-debug.xcconfig */ = {isa = PBXFileReference; fileEncoding = 4; lastKnownFileType = text.xcconfig; name = "build-debug.xcconfig"; path = "cordova/build-debug.xcconfig"; sourceTree = SOURCE_ROOT; };
		3047A5101AB8059700498E2A /* build-release.xcconfig */ = {isa = PBXFileReference; fileEncoding = 4; lastKnownFileType = text.xcconfig; name = "build-release.xcconfig"; path = "cordova/build-release.xcconfig"; sourceTree = SOURCE_ROOT; };
		3047A5111AB8059700498E2A /* build.xcconfig */ = {isa = PBXFileReference; fileEncoding = 4; lastKnownFileType = text.xcconfig; name = build.xcconfig; path = cordova/build.xcconfig; sourceTree = SOURCE_ROOT; };
		30DA04EF782C4D7F92EA81C6 /* sqlite3.c */ = {isa = PBXFileReference; explicitFileType = undefined; fileEncoding = 9; includeInIndex = 0; lastKnownFileType = unknown; name = sqlite3.c; path = "cordova-sqlite-ext/sqlite3.c"; sourceTree = "<group>"; };
		32CA4F630368D1EE00C91783 /* Flynn-Prefix.pch */ = {isa = PBXFileReference; fileEncoding = 4; lastKnownFileType = sourcecode.c.h; path = "Flynn-Prefix.pch"; sourceTree = "<group>"; };
		3666678753234ED4AFCA134A /* zxing-all-in-one.cpp */ = {isa = PBXFileReference; explicitFileType = undefined; fileEncoding = 9; includeInIndex = 0; lastKnownFileType = unknown; name = "zxing-all-in-one.cpp"; path = "cordova-plugin-barcodescanner/zxing-all-in-one.cpp"; sourceTree = "<group>"; };
		37CDC749BE604552A63AE00B /* ThumbsViewController.h */ = {isa = PBXFileReference; explicitFileType = undefined; fileEncoding = 4; includeInIndex = 0; lastKnownFileType = sourcecode.c.h; name = ThumbsViewController.h; path = "cordova-plugin-document-viewer/ThumbsViewController.h"; sourceTree = "<group>"; };
		38E7501D84424B5A8B5DF3A4 /* Reader-Button-H.png */ = {isa = PBXFileReference; explicitFileType = undefined; fileEncoding = 9; includeInIndex = 0; lastKnownFileType = unknown; path = "Reader-Button-H.png"; sourceTree = "<group>"; };
		3AE9D8BC52A142FAA5A14156 /* ReaderThumbRequest.h */ = {isa = PBXFileReference; explicitFileType = undefined; fileEncoding = 4; includeInIndex = 0; lastKnownFileType = sourcecode.c.h; name = ReaderThumbRequest.h; path = "cordova-plugin-document-viewer/ReaderThumbRequest.h"; sourceTree = "<group>"; };
		3B7510EAC370490CAEE475B7 /* ReaderMainPagebar.m */ = {isa = PBXFileReference; explicitFileType = undefined; fileEncoding = 4; includeInIndex = 0; lastKnownFileType = sourcecode.c.objc; name = ReaderMainPagebar.m; path = "cordova-plugin-document-viewer/ReaderMainPagebar.m"; sourceTree = "<group>"; };
		3B8CC0E758FF491883938B49 /* ReaderThumbView.m */ = {isa = PBXFileReference; explicitFileType = undefined; fileEncoding = 4; includeInIndex = 0; lastKnownFileType = sourcecode.c.objc; name = ReaderThumbView.m; path = "cordova-plugin-document-viewer/ReaderThumbView.m"; sourceTree = "<group>"; };
		3C42AD1DD8A14759AEC1BBB3 /* SDVThumbsViewController.h */ = {isa = PBXFileReference; explicitFileType = undefined; fileEncoding = 4; includeInIndex = 0; lastKnownFileType = sourcecode.c.h; name = SDVThumbsViewController.h; path = "cordova-plugin-document-viewer/SDVThumbsViewController.h"; sourceTree = "<group>"; };
		3C929AE26BBC401D9225D684 /* ReaderDocument.h */ = {isa = PBXFileReference; explicitFileType = undefined; fileEncoding = 4; includeInIndex = 0; lastKnownFileType = sourcecode.c.h; name = ReaderDocument.h; path = "cordova-plugin-document-viewer/ReaderDocument.h"; sourceTree = "<group>"; };
		3DA030C0EAD744A39BA8B359 /* AVFoundation.framework */ = {isa = PBXFileReference; explicitFileType = undefined; fileEncoding = 9; includeInIndex = 0; lastKnownFileType = wrapper.framework; name = AVFoundation.framework; path = System/Library/Frameworks/AVFoundation.framework; sourceTree = SDKROOT; };
		3E1A0612D5D14E7FA6055B24 /* ReaderContentView.m */ = {isa = PBXFileReference; explicitFileType = undefined; fileEncoding = 4; includeInIndex = 0; lastKnownFileType = sourcecode.c.objc; name = ReaderContentView.m; path = "cordova-plugin-document-viewer/ReaderContentView.m"; sourceTree = "<group>"; };
		47397ABCBA444DF7934ABC7D /* SDVReader-SinglePage@2x.png */ = {isa = PBXFileReference; explicitFileType = undefined; fileEncoding = 9; includeInIndex = 0; lastKnownFileType = unknown; path = "SDVReader-SinglePage@2x.png"; sourceTree = "<group>"; };
		4AEC661546014FE2A2FD5A8A /* SDVReader-CoverPage.png */ = {isa = PBXFileReference; explicitFileType = undefined; fileEncoding = 9; includeInIndex = 0; lastKnownFileType = unknown; path = "SDVReader-CoverPage.png"; sourceTree = "<group>"; };
		4E3331B5C6BE4811A2F16EB3 /* ReaderContentPage.m */ = {isa = PBXFileReference; explicitFileType = undefined; fileEncoding = 4; includeInIndex = 0; lastKnownFileType = sourcecode.c.objc; name = ReaderContentPage.m; path = "cordova-plugin-document-viewer/ReaderContentPage.m"; sourceTree = "<group>"; };
		4ED8BC814BD248A9894DF699 /* UIXToolbarView.h */ = {isa = PBXFileReference; explicitFileType = undefined; fileEncoding = 4; includeInIndex = 0; lastKnownFileType = sourcecode.c.h; name = UIXToolbarView.h; path = "cordova-plugin-document-viewer/UIXToolbarView.h"; sourceTree = "<group>"; };
		530CF2F978DA4C0CA0A66AFA /* CDVLocalFilesystem.h */ = {isa = PBXFileReference; explicitFileType = undefined; fileEncoding = 4; includeInIndex = 0; lastKnownFileType = sourcecode.c.h; name = CDVLocalFilesystem.h; path = "cordova-plugin-file/CDVLocalFilesystem.h"; sourceTree = "<group>"; };
		544B3B6E675D4E71B2DA2ACA /* ReaderContentTile.m */ = {isa = PBXFileReference; explicitFileType = undefined; fileEncoding = 4; includeInIndex = 0; lastKnownFileType = sourcecode.c.objc; name = ReaderContentTile.m; path = "cordova-plugin-document-viewer/ReaderContentTile.m"; sourceTree = "<group>"; };
		553CC4D8F57A48E29CD3C59A /* Reader-Thumbs@2x.png */ = {isa = PBXFileReference; explicitFileType = undefined; fileEncoding = 9; includeInIndex = 0; lastKnownFileType = unknown; path = "Reader-Thumbs@2x.png"; sourceTree = "<group>"; };
		5B5B79565AA24D61BCE4D771 /* CDVContact.m */ = {isa = PBXFileReference; explicitFileType = undefined; fileEncoding = 4; includeInIndex = 0; lastKnownFileType = sourcecode.c.objc; name = CDVContact.m; path = "cordova-plugin-contacts/CDVContact.m"; sourceTree = "<group>"; };
		5B9E310C17224EFDB05B8F89 /* AddressBook.framework */ = {isa = PBXFileReference; explicitFileType = undefined; fileEncoding = 9; includeInIndex = 0; lastKnownFileType = wrapper.framework; name = AddressBook.framework; path = System/Library/Frameworks/AddressBook.framework; sourceTree = SDKROOT; };
		5D518927BBF346D2BDD3D5C9 /* ThumbsMainToolbar+SDVThumbsMainToolbarPassThrough.m */ = {isa = PBXFileReference; explicitFileType = undefined; fileEncoding = 4; includeInIndex = 0; lastKnownFileType = sourcecode.c.objc; name = "ThumbsMainToolbar+SDVThumbsMainToolbarPassThrough.m"; path = "cordova-plugin-document-viewer/ThumbsMainToolbar+SDVThumbsMainToolbarPassThrough.m"; sourceTree = "<group>"; };
		5F92547405214F55BF7DBDEC /* Reader-Button-H@2x.png */ = {isa = PBXFileReference; explicitFileType = undefined; fileEncoding = 9; includeInIndex = 0; lastKnownFileType = unknown; path = "Reader-Button-H@2x.png"; sourceTree = "<group>"; };
		6191E7887DB6474DBA7B0CF1 /* AppIcon-180.png */ = {isa = PBXFileReference; explicitFileType = undefined; fileEncoding = 9; includeInIndex = 0; lastKnownFileType = unknown; path = "AppIcon-180.png"; sourceTree = "<group>"; };
		61E71AAA4E934D40B8A91516 /* Reader-Thumbs.png */ = {isa = PBXFileReference; explicitFileType = undefined; fileEncoding = 9; includeInIndex = 0; lastKnownFileType = unknown; path = "Reader-Thumbs.png"; sourceTree = "<group>"; };
		6337061999124582BDC07E61 /* Reader-Export@2x.png */ = {isa = PBXFileReference; explicitFileType = undefined; fileEncoding = 9; includeInIndex = 0; lastKnownFileType = unknown; path = "Reader-Export@2x.png"; sourceTree = "<group>"; };
		66AB330132FB4F5ABC1BE587 /* ReaderMainToolbar+SDVReaderMainToolbarPassThrough.m */ = {isa = PBXFileReference; explicitFileType = undefined; fileEncoding = 4; includeInIndex = 0; lastKnownFileType = sourcecode.c.objc; name = "ReaderMainToolbar+SDVReaderMainToolbarPassThrough.m"; path = "cordova-plugin-document-viewer/ReaderMainToolbar+SDVReaderMainToolbarPassThrough.m"; sourceTree = "<group>"; };
		67343988290544298964DD22 /* SDVReader-DoublePage@2x.png */ = {isa = PBXFileReference; explicitFileType = undefined; fileEncoding = 9; includeInIndex = 0; lastKnownFileType = unknown; path = "SDVReader-DoublePage@2x.png"; sourceTree = "<group>"; };
		699FBB327B704B95AC0E0649 /* SDVReader-CoverPage@2x.png */ = {isa = PBXFileReference; explicitFileType = undefined; fileEncoding = 9; includeInIndex = 0; lastKnownFileType = unknown; path = "SDVReader-CoverPage@2x.png"; sourceTree = "<group>"; };
		6A40F504A94E42BD86230F1C /* ReaderViewController.m */ = {isa = PBXFileReference; explicitFileType = undefined; fileEncoding = 4; includeInIndex = 0; lastKnownFileType = sourcecode.c.objc; name = ReaderViewController.m; path = "cordova-plugin-document-viewer/ReaderViewController.m"; sourceTree = "<group>"; };
		6AFF5BF81D6E424B00AB3073 /* CDVLaunchScreen.storyboard */ = {isa = PBXFileReference; fileEncoding = 4; lastKnownFileType = file.storyboard; name = CDVLaunchScreen.storyboard; path = Flynn/CDVLaunchScreen.storyboard; sourceTree = SOURCE_ROOT; };
		6E8E35CFB20F4BE8BDF9B62B /* Reader-Email.png */ = {isa = PBXFileReference; explicitFileType = undefined; fileEncoding = 9; includeInIndex = 0; lastKnownFileType = unknown; path = "Reader-Email.png"; sourceTree = "<group>"; };
		70129BF8179A4823AAA112A5 /* ReaderMainToolbar+SDVReaderMainToolbarPassThrough.h */ = {isa = PBXFileReference; explicitFileType = undefined; fileEncoding = 4; includeInIndex = 0; lastKnownFileType = sourcecode.c.h; name = "ReaderMainToolbar+SDVReaderMainToolbarPassThrough.h"; path = "cordova-plugin-document-viewer/ReaderMainToolbar+SDVReaderMainToolbarPassThrough.h"; sourceTree = "<group>"; };
		73E7FB7BC4AF4A7F929C84D0 /* Reader-Print@2x.png */ = {isa = PBXFileReference; explicitFileType = undefined; fileEncoding = 9; includeInIndex = 0; lastKnownFileType = unknown; path = "Reader-Print@2x.png"; sourceTree = "<group>"; };
		73FA60DF2291421496AFFB86 /* ThumbsViewController+SDVThumbsViewControllerPassThrough.h */ = {isa = PBXFileReference; explicitFileType = undefined; fileEncoding = 4; includeInIndex = 0; lastKnownFileType = sourcecode.c.h; name = "ThumbsViewController+SDVThumbsViewControllerPassThrough.h"; path = "cordova-plugin-document-viewer/ThumbsViewController+SDVThumbsViewControllerPassThrough.h"; sourceTree = "<group>"; };
		75857C4346554D20868AFCBE /* ReaderThumbView.h */ = {isa = PBXFileReference; explicitFileType = undefined; fileEncoding = 4; includeInIndex = 0; lastKnownFileType = sourcecode.c.h; name = ReaderThumbView.h; path = "cordova-plugin-document-viewer/ReaderThumbView.h"; sourceTree = "<group>"; };
		7929D1E97EDB4A50B8DD1213 /* ReaderViewController+SDVReaderViewControllerPassThrough.m */ = {isa = PBXFileReference; explicitFileType = undefined; fileEncoding = 4; includeInIndex = 0; lastKnownFileType = sourcecode.c.objc; name = "ReaderViewController+SDVReaderViewControllerPassThrough.m"; path = "cordova-plugin-document-viewer/ReaderViewController+SDVReaderViewControllerPassThrough.m"; sourceTree = "<group>"; };
		7998177EAE694C1DAC7E2BAB /* ReaderMainPagebar.h */ = {isa = PBXFileReference; explicitFileType = undefined; fileEncoding = 4; includeInIndex = 0; lastKnownFileType = sourcecode.c.h; name = ReaderMainPagebar.h; path = "cordova-plugin-document-viewer/ReaderMainPagebar.h"; sourceTree = "<group>"; };
		7B7F691A0F024B9886C0A8E1 /* ThumbsMainToolbar.m */ = {isa = PBXFileReference; explicitFileType = undefined; fileEncoding = 4; includeInIndex = 0; lastKnownFileType = sourcecode.c.objc; name = ThumbsMainToolbar.m; path = "cordova-plugin-document-viewer/ThumbsMainToolbar.m"; sourceTree = "<group>"; };
		7E6590F6A7F24D0B8E8B756F /* CGPDFDocument.h */ = {isa = PBXFileReference; explicitFileType = undefined; fileEncoding = 4; includeInIndex = 0; lastKnownFileType = sourcecode.c.h; name = CGPDFDocument.h; path = "cordova-plugin-document-viewer/CGPDFDocument.h"; sourceTree = "<group>"; };
		7FA495384E07432685C6ED2B /* ImageIO.framework */ = {isa = PBXFileReference; explicitFileType = undefined; fileEncoding = 9; includeInIndex = 0; lastKnownFileType = wrapper.framework; name = ImageIO.framework; path = System/Library/Frameworks/ImageIO.framework; sourceTree = SDKROOT; };
		847DF244F05540DFA8EA8EBC /* SitewaertsDocumentViewer.m */ = {isa = PBXFileReference; explicitFileType = undefined; fileEncoding = 4; includeInIndex = 0; lastKnownFileType = sourcecode.c.objc; name = SitewaertsDocumentViewer.m; path = "cordova-plugin-document-viewer/SitewaertsDocumentViewer.m"; sourceTree = "<group>"; };
		8864CFB9C0D047E89C1D0874 /* Reader-Button-N.png */ = {isa = PBXFileReference; explicitFileType = undefined; fileEncoding = 9; includeInIndex = 0; lastKnownFileType = unknown; path = "Reader-Button-N.png"; sourceTree = "<group>"; };
		8C83404F9DD6432297F285A4 /* SDVThumbsMainToolbar.m */ = {isa = PBXFileReference; explicitFileType = undefined; fileEncoding = 4; includeInIndex = 0; lastKnownFileType = sourcecode.c.objc; name = SDVThumbsMainToolbar.m; path = "cordova-plugin-document-viewer/SDVThumbsMainToolbar.m"; sourceTree = "<group>"; };
		8D1107310486CEB800E47090 /* Flynn-Info.plist */ = {isa = PBXFileReference; fileEncoding = 4; lastKnownFileType = text.plist.xml; name = "Flynn-Info.plist"; path = "Flynn/Flynn-Info.plist"; plistStructureDefinitionIdentifier = "com.apple.xcode.plist.structure-definition.iphone.info-plist"; sourceTree = SOURCE_ROOT; };
		8E932E5A90ED4481B3205878 /* SDVThumbsMainToolbar.h */ = {isa = PBXFileReference; explicitFileType = undefined; fileEncoding = 4; includeInIndex = 0; lastKnownFileType = sourcecode.c.h; name = SDVThumbsMainToolbar.h; path = "cordova-plugin-document-viewer/SDVThumbsMainToolbar.h"; sourceTree = "<group>"; };
		9045EEC8CEA740AE82B56332 /* SDVReaderContentViewDoublePage.m */ = {isa = PBXFileReference; explicitFileType = undefined; fileEncoding = 4; includeInIndex = 0; lastKnownFileType = sourcecode.c.objc; name = SDVReaderContentViewDoublePage.m; path = "cordova-plugin-document-viewer/SDVReaderContentViewDoublePage.m"; sourceTree = "<group>"; };
		91206C5C7CCB4273B2748503 /* CGPDFDocument.m */ = {isa = PBXFileReference; explicitFileType = undefined; fileEncoding = 4; includeInIndex = 0; lastKnownFileType = sourcecode.c.objc; name = CGPDFDocument.m; path = "cordova-plugin-document-viewer/CGPDFDocument.m"; sourceTree = "<group>"; };
		935CDFE22C3F442CBFC860E1 /* ReaderConstants.h */ = {isa = PBXFileReference; explicitFileType = undefined; fileEncoding = 4; includeInIndex = 0; lastKnownFileType = sourcecode.c.h; name = ReaderConstants.h; path = "cordova-plugin-document-viewer/ReaderConstants.h"; sourceTree = "<group>"; };
		94DC2CE0E6544EF2ABB57D68 /* CDVViewController+SplashScreen.h */ = {isa = PBXFileReference; explicitFileType = undefined; fileEncoding = 4; includeInIndex = 0; lastKnownFileType = sourcecode.c.h; name = "CDVViewController+SplashScreen.h"; path = "cordova-plugin-splashscreen/CDVViewController+SplashScreen.h"; sourceTree = "<group>"; };
		987DFD11E337402B8EE5381F /* Reader-Mark-N.png */ = {isa = PBXFileReference; explicitFileType = undefined; fileEncoding = 9; includeInIndex = 0; lastKnownFileType = unknown; path = "Reader-Mark-N.png"; sourceTree = "<group>"; };
		98F92CAC979D4624982F8CDD /* ReaderContentView.h */ = {isa = PBXFileReference; explicitFileType = undefined; fileEncoding = 4; includeInIndex = 0; lastKnownFileType = sourcecode.c.h; name = ReaderContentView.h; path = "cordova-plugin-document-viewer/ReaderContentView.h"; sourceTree = "<group>"; };
		9908460077B649A89F33689E /* ReaderThumbCache.h */ = {isa = PBXFileReference; explicitFileType = undefined; fileEncoding = 4; includeInIndex = 0; lastKnownFileType = sourcecode.c.h; name = ReaderThumbCache.h; path = "cordova-plugin-document-viewer/ReaderThumbCache.h"; sourceTree = "<group>"; };
		9B904335139444379892372E /* SDVReader-Outline.png */ = {isa = PBXFileReference; explicitFileType = undefined; fileEncoding = 9; includeInIndex = 0; lastKnownFileType = unknown; path = "SDVReader-Outline.png"; sourceTree = "<group>"; };
		9B9B5A88CEE34EBBAFCD98DF /* CDVContacts.h */ = {isa = PBXFileReference; explicitFileType = undefined; fileEncoding = 4; includeInIndex = 0; lastKnownFileType = sourcecode.c.h; name = CDVContacts.h; path = "cordova-plugin-contacts/CDVContacts.h"; sourceTree = "<group>"; };
		9D27A82EEC3142AABB00235B /* ReaderThumbRequest.m */ = {isa = PBXFileReference; explicitFileType = undefined; fileEncoding = 4; includeInIndex = 0; lastKnownFileType = sourcecode.c.objc; name = ReaderThumbRequest.m; path = "cordova-plugin-document-viewer/ReaderThumbRequest.m"; sourceTree = "<group>"; };
		9D2AF8C672AD41728A831532 /* ReaderContentTile.h */ = {isa = PBXFileReference; explicitFileType = undefined; fileEncoding = 4; includeInIndex = 0; lastKnownFileType = sourcecode.c.h; name = ReaderContentTile.h; path = "cordova-plugin-document-viewer/ReaderContentTile.h"; sourceTree = "<group>"; };
		9DC5405BA5844167A7CA9644 /* libiconv.dylib */ = {isa = PBXFileReference; explicitFileType = undefined; fileEncoding = 9; includeInIndex = 0; lastKnownFileType = "compiled.mach-o.dylib"; name = libiconv.dylib; path = usr/lib/libiconv.dylib; sourceTree = SDKROOT; };
		A365E8ACEAA14E7E8E23D9E9 /* ReaderContentPage.h */ = {isa = PBXFileReference; explicitFileType = undefined; fileEncoding = 4; includeInIndex = 0; lastKnownFileType = sourcecode.c.h; name = ReaderContentPage.h; path = "cordova-plugin-document-viewer/ReaderContentPage.h"; sourceTree = "<group>"; };
		A3C05654B6D24B12872CDED9 /* SDVReaderViewController.h */ = {isa = PBXFileReference; explicitFileType = undefined; fileEncoding = 4; includeInIndex = 0; lastKnownFileType = sourcecode.c.h; name = SDVReaderViewController.h; path = "cordova-plugin-document-viewer/SDVReaderViewController.h"; sourceTree = "<group>"; };
		ACD3B0F75FB248DAACA78BF9 /* CDVLogger.h */ = {isa = PBXFileReference; explicitFileType = undefined; fileEncoding = 4; includeInIndex = 0; lastKnownFileType = sourcecode.c.h; name = CDVLogger.h; path = "cordova-plugin-console/CDVLogger.h"; sourceTree = "<group>"; };
		AE090ACE65574ACC952EDE22 /* ThumbsViewController.m */ = {isa = PBXFileReference; explicitFileType = undefined; fileEncoding = 4; includeInIndex = 0; lastKnownFileType = sourcecode.c.objc; name = ThumbsViewController.m; path = "cordova-plugin-document-viewer/ThumbsViewController.m"; sourceTree = "<group>"; };
		AE2F79E1FC264011B59A950A /* ReaderMainToolbar.h */ = {isa = PBXFileReference; explicitFileType = undefined; fileEncoding = 4; includeInIndex = 0; lastKnownFileType = sourcecode.c.h; name = ReaderMainToolbar.h; path = "cordova-plugin-document-viewer/ReaderMainToolbar.h"; sourceTree = "<group>"; };
		B22AFD2437624630A99F93CF /* ReaderThumbsView.m */ = {isa = PBXFileReference; explicitFileType = undefined; fileEncoding = 4; includeInIndex = 0; lastKnownFileType = sourcecode.c.objc; name = ReaderThumbsView.m; path = "cordova-plugin-document-viewer/ReaderThumbsView.m"; sourceTree = "<group>"; };
		B328BE3FF33D4F6CAF2A279B /* ReaderThumbQueue.m */ = {isa = PBXFileReference; explicitFileType = undefined; fileEncoding = 4; includeInIndex = 0; lastKnownFileType = sourcecode.c.objc; name = ReaderThumbQueue.m; path = "cordova-plugin-document-viewer/ReaderThumbQueue.m"; sourceTree = "<group>"; };
		B3DEF36A5B5F46CF9414448C /* Reader-Mark-Y.png */ = {isa = PBXFileReference; explicitFileType = undefined; fileEncoding = 9; includeInIndex = 0; lastKnownFileType = unknown; path = "Reader-Mark-Y.png"; sourceTree = "<group>"; };
		B549CE519D5E4418B355CADA /* CDVFile.m */ = {isa = PBXFileReference; explicitFileType = undefined; fileEncoding = 4; includeInIndex = 0; lastKnownFileType = sourcecode.c.objc; name = CDVFile.m; path = "cordova-plugin-file/CDVFile.m"; sourceTree = "<group>"; };
		B6CCCDD904F04F8BB3A1DDBE /* SQLitePlugin.m */ = {isa = PBXFileReference; explicitFileType = undefined; fileEncoding = 4; includeInIndex = 0; lastKnownFileType = sourcecode.c.objc; name = SQLitePlugin.m; path = "cordova-sqlite-ext/SQLitePlugin.m"; sourceTree = "<group>"; };
		B76AAA723E97408196E05F1C /* CDVNotification.h */ = {isa = PBXFileReference; explicitFileType = undefined; fileEncoding = 4; includeInIndex = 0; lastKnownFileType = sourcecode.c.h; name = CDVNotification.h; path = "cordova-plugin-dialogs/CDVNotification.h"; sourceTree = "<group>"; };
		B82E4AF76EA2453EA640FCC4 /* ReaderThumbsView.h */ = {isa = PBXFileReference; explicitFileType = undefined; fileEncoding = 4; includeInIndex = 0; lastKnownFileType = sourcecode.c.h; name = ReaderThumbsView.h; path = "cordova-plugin-document-viewer/ReaderThumbsView.h"; sourceTree = "<group>"; };
		B905BCC8A65942C9BCDBF226 /* ReaderThumbFetch.h */ = {isa = PBXFileReference; explicitFileType = undefined; fileEncoding = 4; includeInIndex = 0; lastKnownFileType = sourcecode.c.h; name = ReaderThumbFetch.h; path = "cordova-plugin-document-viewer/ReaderThumbFetch.h"; sourceTree = "<group>"; };
		B92F4054506E43A6924DF37B /* ReaderThumbFetch.m */ = {isa = PBXFileReference; explicitFileType = undefined; fileEncoding = 4; includeInIndex = 0; lastKnownFileType = sourcecode.c.objc; name = ReaderThumbFetch.m; path = "cordova-plugin-document-viewer/ReaderThumbFetch.m"; sourceTree = "<group>"; };
		B9C26CDCCFA2443493FF7267 /* SDVThumbsViewController.m */ = {isa = PBXFileReference; explicitFileType = undefined; fileEncoding = 4; includeInIndex = 0; lastKnownFileType = sourcecode.c.objc; name = SDVThumbsViewController.m; path = "cordova-plugin-document-viewer/SDVThumbsViewController.m"; sourceTree = "<group>"; };
		BD45E0A610F44C388D6709DF /* UIKit.framework */ = {isa = PBXFileReference; explicitFileType = undefined; fileEncoding = 9; includeInIndex = 0; lastKnownFileType = wrapper.framework; name = UIKit.framework; path = System/Library/Frameworks/UIKit.framework; sourceTree = SDKROOT; };
		BD56D80E1C104CD4891581E7 /* ReaderDocumentOutline.m */ = {isa = PBXFileReference; explicitFileType = undefined; fileEncoding = 4; includeInIndex = 0; lastKnownFileType = sourcecode.c.objc; name = ReaderDocumentOutline.m; path = "cordova-plugin-document-viewer/ReaderDocumentOutline.m"; sourceTree = "<group>"; };
		C0AD627D1C994400B49B98FF /* ReaderViewController+SDVReaderViewControllerPassThrough.h */ = {isa = PBXFileReference; explicitFileType = undefined; fileEncoding = 4; includeInIndex = 0; lastKnownFileType = sourcecode.c.h; name = "ReaderViewController+SDVReaderViewControllerPassThrough.h"; path = "cordova-plugin-document-viewer/ReaderViewController+SDVReaderViewControllerPassThrough.h"; sourceTree = "<group>"; };
		C31B5BF1B3FC4D1382FB4B74 /* ReaderDocument.m */ = {isa = PBXFileReference; explicitFileType = undefined; fileEncoding = 4; includeInIndex = 0; lastKnownFileType = sourcecode.c.objc; name = ReaderDocument.m; path = "cordova-plugin-document-viewer/ReaderDocument.m"; sourceTree = "<group>"; };
		C36E7E733CAB44538C3C0C54 /* SDVReader-DoublePage.png */ = {isa = PBXFileReference; explicitFileType = undefined; fileEncoding = 9; includeInIndex = 0; lastKnownFileType = unknown; path = "SDVReader-DoublePage.png"; sourceTree = "<group>"; };
		C3A2EF19C5EE489FAED23CEF /* scannerOverlay.xib */ = {isa = PBXFileReference; explicitFileType = undefined; fileEncoding = 9; includeInIndex = 0; lastKnownFileType = file.xib; path = scannerOverlay.xib; sourceTree = "<group>"; };
		C419BB5155F940BA8593DEB6 /* IonicKeyboard.m */ = {isa = PBXFileReference; explicitFileType = undefined; fileEncoding = 4; includeInIndex = 0; lastKnownFileType = sourcecode.c.objc; name = IonicKeyboard.m; path = "ionic-plugin-keyboard/IonicKeyboard.m"; sourceTree = "<group>"; };
		C673DB4D7EC846F582FFAFD2 /* CDVAssetLibraryFilesystem.m */ = {isa = PBXFileReference; explicitFileType = undefined; fileEncoding = 4; includeInIndex = 0; lastKnownFileType = sourcecode.c.objc; name = CDVAssetLibraryFilesystem.m; path = "cordova-plugin-file/CDVAssetLibraryFilesystem.m"; sourceTree = "<group>"; };
		CA04ED9F38E6470AA4DEAC2F /* CDVLocalFilesystem.m */ = {isa = PBXFileReference; explicitFileType = undefined; fileEncoding = 4; includeInIndex = 0; lastKnownFileType = sourcecode.c.objc; name = CDVLocalFilesystem.m; path = "cordova-plugin-file/CDVLocalFilesystem.m"; sourceTree = "<group>"; };
		CA6EADDA6DC54ED5A93E316C /* Reader-Mark-Y@2x.png */ = {isa = PBXFileReference; explicitFileType = undefined; fileEncoding = 9; includeInIndex = 0; lastKnownFileType = unknown; path = "Reader-Mark-Y@2x.png"; sourceTree = "<group>"; };
		CB4F8E6F02D3452E8785428D /* Reader-Email@2x.png */ = {isa = PBXFileReference; explicitFileType = undefined; fileEncoding = 9; includeInIndex = 0; lastKnownFileType = unknown; path = "Reader-Email@2x.png"; sourceTree = "<group>"; };
		CF0FC6EFF6B94DC78F9AD3B0 /* CDVViewController+SplashScreen.m */ = {isa = PBXFileReference; explicitFileType = undefined; fileEncoding = 4; includeInIndex = 0; lastKnownFileType = sourcecode.c.objc; name = "CDVViewController+SplashScreen.m"; path = "cordova-plugin-splashscreen/CDVViewController+SplashScreen.m"; sourceTree = "<group>"; };
		D14CB3A1F15445B090328EF0 /* CDVContact.h */ = {isa = PBXFileReference; explicitFileType = undefined; fileEncoding = 4; includeInIndex = 0; lastKnownFileType = sourcecode.c.h; name = CDVContact.h; path = "cordova-plugin-contacts/CDVContact.h"; sourceTree = "<group>"; };
		D1D90978C5F44AF9A59F43A9 /* ThumbsViewController+SDVThumbsViewControllerPassThrough.m */ = {isa = PBXFileReference; explicitFileType = undefined; fileEncoding = 4; includeInIndex = 0; lastKnownFileType = sourcecode.c.objc; name = "ThumbsViewController+SDVThumbsViewControllerPassThrough.m"; path = "cordova-plugin-document-viewer/ThumbsViewController+SDVThumbsViewControllerPassThrough.m"; sourceTree = "<group>"; };
		D22B1D42E1E14B6BB2687D7D /* Default-568h@2x.png */ = {isa = PBXFileReference; explicitFileType = undefined; fileEncoding = 9; includeInIndex = 0; lastKnownFileType = unknown; path = "Default-568h@2x.png"; sourceTree = "<group>"; };
		D32D3A7D34774F5CAD64E754 /* Reader-Print.png */ = {isa = PBXFileReference; explicitFileType = undefined; fileEncoding = 9; includeInIndex = 0; lastKnownFileType = unknown; path = "Reader-Print.png"; sourceTree = "<group>"; };
		D4BAFF9F7C5646FBAD242FF2 /* zxing-all-in-one.h */ = {isa = PBXFileReference; explicitFileType = undefined; fileEncoding = 4; includeInIndex = 0; lastKnownFileType = sourcecode.c.h; name = "zxing-all-in-one.h"; path = "cordova-plugin-barcodescanner/zxing-all-in-one.h"; sourceTree = "<group>"; };
		D62AF86C46B5419AB7B40FA2 /* Reader-Export.png */ = {isa = PBXFileReference; explicitFileType = undefined; fileEncoding = 9; includeInIndex = 0; lastKnownFileType = unknown; path = "Reader-Export.png"; sourceTree = "<group>"; };
		D62BEB535B0F4232BB59AD9B /* SDVReaderMainPagebar.m */ = {isa = PBXFileReference; explicitFileType = undefined; fileEncoding = 4; includeInIndex = 0; lastKnownFileType = sourcecode.c.objc; name = SDVReaderMainPagebar.m; path = "cordova-plugin-document-viewer/SDVReaderMainPagebar.m"; sourceTree = "<group>"; };
		D8D92C1225D246218332BAE8 /* AppIcon-057.png */ = {isa = PBXFileReference; explicitFileType = undefined; fileEncoding = 9; includeInIndex = 0; lastKnownFileType = unknown; path = "AppIcon-057.png"; sourceTree = "<group>"; };
		DB655A61CF7446049E2D076C /* AddressBookUI.framework */ = {isa = PBXFileReference; explicitFileType = undefined; fileEncoding = 9; includeInIndex = 0; lastKnownFileType = wrapper.framework; name = AddressBookUI.framework; path = System/Library/Frameworks/AddressBookUI.framework; sourceTree = SDKROOT; };
		DE0BB80C1B824EFD992C116E /* CDVNotification.m */ = {isa = PBXFileReference; explicitFileType = undefined; fileEncoding = 4; includeInIndex = 0; lastKnownFileType = sourcecode.c.objc; name = CDVNotification.m; path = "cordova-plugin-dialogs/CDVNotification.m"; sourceTree = "<group>"; };
		E35DB1EAE8F141D88A16236F /* SDVReaderMainToolbar.h */ = {isa = PBXFileReference; explicitFileType = undefined; fileEncoding = 4; includeInIndex = 0; lastKnownFileType = sourcecode.c.h; name = SDVReaderMainToolbar.h; path = "cordova-plugin-document-viewer/SDVReaderMainToolbar.h"; sourceTree = "<group>"; };
		E39DB23C564A48A8B94DA071 /* UIXToolbarView.m */ = {isa = PBXFileReference; explicitFileType = undefined; fileEncoding = 4; includeInIndex = 0; lastKnownFileType = sourcecode.c.objc; name = UIXToolbarView.m; path = "cordova-plugin-document-viewer/UIXToolbarView.m"; sourceTree = "<group>"; };
		E6CDAA00359B44E1A87C0817 /* CDVNotification.bundle */ = {isa = PBXFileReference; explicitFileType = undefined; fileEncoding = 9; includeInIndex = 0; lastKnownFileType = "wrapper.plug-in"; path = CDVNotification.bundle; sourceTree = "<group>"; };
		E723355E7CEF45AC9BB5F85C /* CDVAssetLibraryFilesystem.h */ = {isa = PBXFileReference; explicitFileType = undefined; fileEncoding = 4; includeInIndex = 0; lastKnownFileType = sourcecode.c.h; name = CDVAssetLibraryFilesystem.h; path = "cordova-plugin-file/CDVAssetLibraryFilesystem.h"; sourceTree = "<group>"; };
		EB87FDF31871DA8E0020F90C /* www */ = {isa = PBXFileReference; lastKnownFileType = folder; name = www; path = ../../www; sourceTree = "<group>"; };
		EB87FDF41871DAF40020F90C /* config.xml */ = {isa = PBXFileReference; lastKnownFileType = text.xml; name = config.xml; path = ../../config.xml; sourceTree = "<group>"; };
		EC0720E9BEDC432BA30BE3D7 /* CDVDevice.h */ = {isa = PBXFileReference; explicitFileType = undefined; fileEncoding = 4; includeInIndex = 0; lastKnownFileType = sourcecode.c.h; name = CDVDevice.h; path = "cordova-plugin-device/CDVDevice.h"; sourceTree = "<group>"; };
		ED33DF2A687741AEAF9F8254 /* Bridging-Header.h */ = {isa = PBXFileReference; fileEncoding = 4; lastKnownFileType = sourcecode.c.h; path = "Bridging-Header.h"; sourceTree = "<group>"; };
		EDE1316F1A8F4BA5B056ADAE /* CDVFile.h */ = {isa = PBXFileReference; explicitFileType = undefined; fileEncoding = 4; includeInIndex = 0; lastKnownFileType = sourcecode.c.h; name = CDVFile.h; path = "cordova-plugin-file/CDVFile.h"; sourceTree = "<group>"; };
		F08B07C2DA594C148A5064F3 /* Reader-Mark-N@2x.png */ = {isa = PBXFileReference; explicitFileType = undefined; fileEncoding = 9; includeInIndex = 0; lastKnownFileType = unknown; path = "Reader-Mark-N@2x.png"; sourceTree = "<group>"; };
		F0B15ABEA16F4253AC16D52B /* SQLitePlugin.h */ = {isa = PBXFileReference; explicitFileType = undefined; fileEncoding = 4; includeInIndex = 0; lastKnownFileType = sourcecode.c.h; name = SQLitePlugin.h; path = "cordova-sqlite-ext/SQLitePlugin.h"; sourceTree = "<group>"; };
		F339FC65AEDB4A45B6691FC7 /* CDVLogger.m */ = {isa = PBXFileReference; explicitFileType = undefined; fileEncoding = 4; includeInIndex = 0; lastKnownFileType = sourcecode.c.objc; name = CDVLogger.m; path = "cordova-plugin-console/CDVLogger.m"; sourceTree = "<group>"; };
		F33DEAC9CE9346E4ABE49983 /* ReaderDocumentOutline.h */ = {isa = PBXFileReference; explicitFileType = undefined; fileEncoding = 4; includeInIndex = 0; lastKnownFileType = sourcecode.c.h; name = ReaderDocumentOutline.h; path = "cordova-plugin-document-viewer/ReaderDocumentOutline.h"; sourceTree = "<group>"; };
		F660E44AF97B45B68DB0A87D /* ReaderThumbQueue.h */ = {isa = PBXFileReference; explicitFileType = undefined; fileEncoding = 4; includeInIndex = 0; lastKnownFileType = sourcecode.c.h; name = ReaderThumbQueue.h; path = "cordova-plugin-document-viewer/ReaderThumbQueue.h"; sourceTree = "<group>"; };
		F840E1F0165FE0F500CFE078 /* config.xml */ = {isa = PBXFileReference; lastKnownFileType = text.xml; name = config.xml; path = Flynn/config.xml; sourceTree = "<group>"; };
		F8CEC75723474F6B843A522A /* CDVSplashScreen.h */ = {isa = PBXFileReference; explicitFileType = undefined; fileEncoding = 4; includeInIndex = 0; lastKnownFileType = sourcecode.c.h; name = CDVSplashScreen.h; path = "cordova-plugin-splashscreen/CDVSplashScreen.h"; sourceTree = "<group>"; };
		F94ED341999A46B883FF75FD /* CoreVideo.framework */ = {isa = PBXFileReference; explicitFileType = undefined; fileEncoding = 9; includeInIndex = 0; lastKnownFileType = wrapper.framework; name = CoreVideo.framework; path = System/Library/Frameworks/CoreVideo.framework; sourceTree = SDKROOT; };
		FB959A721D0C4CCEA9BB2101 /* SDVReaderMainPagebar.h */ = {isa = PBXFileReference; explicitFileType = undefined; fileEncoding = 4; includeInIndex = 0; lastKnownFileType = sourcecode.c.h; name = SDVReaderMainPagebar.h; path = "cordova-plugin-document-viewer/SDVReaderMainPagebar.h"; sourceTree = "<group>"; };
		FC4EED91B3F0480CAEF41925 /* ReaderMainToolbar.m */ = {isa = PBXFileReference; explicitFileType = undefined; fileEncoding = 4; includeInIndex = 0; lastKnownFileType = sourcecode.c.objc; name = ReaderMainToolbar.m; path = "cordova-plugin-document-viewer/ReaderMainToolbar.m"; sourceTree = "<group>"; };
		FCA145DFCB694F828AADFB2D /* sqlite3.h */ = {isa = PBXFileReference; explicitFileType = undefined; fileEncoding = 4; includeInIndex = 0; lastKnownFileType = sourcecode.c.h; name = sqlite3.h; path = "cordova-sqlite-ext/sqlite3.h"; sourceTree = "<group>"; };
		FE98A6581DB740BBB5EE5AF6 /* MessageUI.framework */ = {isa = PBXFileReference; explicitFileType = undefined; fileEncoding = 9; includeInIndex = 0; lastKnownFileType = wrapper.framework; name = MessageUI.framework; path = System/Library/Frameworks/MessageUI.framework; sourceTree = SDKROOT; };
		FFA84D5A61CE4C2D9550347A /* CDVSplashScreen.m */ = {isa = PBXFileReference; explicitFileType = undefined; fileEncoding = 4; includeInIndex = 0; lastKnownFileType = sourcecode.c.objc; name = CDVSplashScreen.m; path = "cordova-plugin-splashscreen/CDVSplashScreen.m"; sourceTree = "<group>"; };
/* End PBXFileReference section */

/* Begin PBXFrameworksBuildPhase section */
		1D60588F0D05DD3D006BFB54 /* Frameworks */ = {
			isa = PBXFrameworksBuildPhase;
			buildActionMask = 2147483647;
			files = (
				301BF552109A68D80062928A /* libCordova.a in Frameworks */,
				E1E23B2CD6184C28A9B3099D /* libiconv.dylib in Frameworks */,
				CD2789DA7E394AACA4669B8B /* AVFoundation.framework in Frameworks */,
				6EE08A1B020C48F8A63725B6 /* CoreVideo.framework in Frameworks */,
				B228B0D531C64518972C4F15 /* QuartzCore.framework in Frameworks */,
				F85D6946A88741F4ADF037DC /* AddressBook.framework in Frameworks */,
				8DF8B4BAAE8747C388B2894A /* AddressBookUI.framework in Frameworks */,
				700CE9EACA014FEDA354B57E /* AudioToolbox.framework in Frameworks */,
				3D8CA7C7EC3B44ADA9A21B1E /* UIKit.framework in Frameworks */,
				FA16FF8B890C4101B288B327 /* Foundation.framework in Frameworks */,
				EA79EE0F3B9344E3932198C2 /* ImageIO.framework in Frameworks */,
				FBBEDEA590C04A1EB89F0E8F /* MessageUI.framework in Frameworks */,
			);
			runOnlyForDeploymentPostprocessing = 0;
		};
/* End PBXFrameworksBuildPhase section */

/* Begin PBXGroup section */
		080E96DDFE201D6D7F000001 /* Classes */ = {
			isa = PBXGroup;
			children = (
				302D95EE14D2391D003F00A1 /* MainViewController.h */,
				302D95EF14D2391D003F00A1 /* MainViewController.m */,
				302D95F014D2391D003F00A1 /* MainViewController.xib */,
				1D3623240D0F684500981E51 /* AppDelegate.h */,
				1D3623250D0F684500981E51 /* AppDelegate.m */,
			);
			name = Classes;
			path = Flynn/Classes;
			sourceTree = SOURCE_ROOT;
		};
		19C28FACFE9D520D11CA2CBB /* Products */ = {
			isa = PBXGroup;
			children = (
				1D6058910D05DD3D006BFB54 /* Flynn.app */,
			);
			name = Products;
			sourceTree = "<group>";
		};
		29B97314FDCFA39411CA2CEA /* CustomTemplate */ = {
			isa = PBXGroup;
			children = (
				EB87FDF41871DAF40020F90C /* config.xml */,
				EB87FDF31871DA8E0020F90C /* www */,
				EB87FDF11871DA420020F90C /* Staging */,
				301BF52D109A57CC0062928A /* CordovaLib.xcodeproj */,
				080E96DDFE201D6D7F000001 /* Classes */,
				307C750510C5A3420062BCA9 /* Plugins */,
				29B97315FDCFA39411CA2CEA /* Other Sources */,
				29B97317FDCFA39411CA2CEA /* Resources */,
				29B97323FDCFA39411CA2CEA /* Frameworks */,
				19C28FACFE9D520D11CA2CBB /* Products */,
			);
			name = CustomTemplate;
			sourceTree = "<group>";
		};
		29B97315FDCFA39411CA2CEA /* Other Sources */ = {
			isa = PBXGroup;
			children = (
				32CA4F630368D1EE00C91783 /* Flynn-Prefix.pch */,
				29B97316FDCFA39411CA2CEA /* main.m */,
				ED33DF2A687741AEAF9F8254 /* Bridging-Header.h */,
			);
			name = "Other Sources";
			path = Flynn;
			sourceTree = "<group>";
		};
		29B97317FDCFA39411CA2CEA /* Resources */ = {
			isa = PBXGroup;
			children = (
				0207DA571B56EA530066E2B4 /* Images.xcassets */,
				3047A50E1AB8057F00498E2A /* config */,
				8D1107310486CEB800E47090 /* Flynn-Info.plist */,
				6AFF5BF81D6E424B00AB3073 /* CDVLaunchScreen.storyboard */,
				C3A2EF19C5EE489FAED23CEF /* scannerOverlay.xib */,
				E6CDAA00359B44E1A87C0817 /* CDVNotification.bundle */,
				D8D92C1225D246218332BAE8 /* AppIcon-057.png */,
				1249586E82EB42C6AE6CA50B /* AppIcon-072.png */,
				1950CF9707DE4A1D84B9CE86 /* AppIcon-076.png */,
				028A8D03B9454FDC9F0F41C5 /* AppIcon-114.png */,
				0274BA416EBC429895504D33 /* AppIcon-120.png */,
				2341A72B086C4B058ADC838A /* AppIcon-144.png */,
				10BEBEF715DD43EDA599C873 /* AppIcon-152.png */,
				6191E7887DB6474DBA7B0CF1 /* AppIcon-180.png */,
				D22B1D42E1E14B6BB2687D7D /* Default-568h@2x.png */,
				38E7501D84424B5A8B5DF3A4 /* Reader-Button-H.png */,
				5F92547405214F55BF7DBDEC /* Reader-Button-H@2x.png */,
				8864CFB9C0D047E89C1D0874 /* Reader-Button-N.png */,
				2B607FA59EFA44838A34C9F5 /* Reader-Button-N@2x.png */,
				6E8E35CFB20F4BE8BDF9B62B /* Reader-Email.png */,
				CB4F8E6F02D3452E8785428D /* Reader-Email@2x.png */,
				D62AF86C46B5419AB7B40FA2 /* Reader-Export.png */,
				6337061999124582BDC07E61 /* Reader-Export@2x.png */,
				987DFD11E337402B8EE5381F /* Reader-Mark-N.png */,
				F08B07C2DA594C148A5064F3 /* Reader-Mark-N@2x.png */,
				B3DEF36A5B5F46CF9414448C /* Reader-Mark-Y.png */,
				CA6EADDA6DC54ED5A93E316C /* Reader-Mark-Y@2x.png */,
				D32D3A7D34774F5CAD64E754 /* Reader-Print.png */,
				73E7FB7BC4AF4A7F929C84D0 /* Reader-Print@2x.png */,
				61E71AAA4E934D40B8A91516 /* Reader-Thumbs.png */,
				553CC4D8F57A48E29CD3C59A /* Reader-Thumbs@2x.png */,
				4AEC661546014FE2A2FD5A8A /* SDVReader-CoverPage.png */,
				699FBB327B704B95AC0E0649 /* SDVReader-CoverPage@2x.png */,
				C36E7E733CAB44538C3C0C54 /* SDVReader-DoublePage.png */,
				67343988290544298964DD22 /* SDVReader-DoublePage@2x.png */,
				9B904335139444379892372E /* SDVReader-Outline.png */,
				2001C4C5169148A1805075CC /* SDVReader-Outline@2x.png */,
				223B8C1D9BBE4E4AB302CE6F /* SDVReader-SinglePage.png */,
				47397ABCBA444DF7934ABC7D /* SDVReader-SinglePage@2x.png */,
			);
			name = Resources;
			path = Flynn/Resources;
			sourceTree = "<group>";
		};
		29B97323FDCFA39411CA2CEA /* Frameworks */ = {
			isa = PBXGroup;
			children = (
				9DC5405BA5844167A7CA9644 /* libiconv.dylib */,
				3DA030C0EAD744A39BA8B359 /* AVFoundation.framework */,
				F94ED341999A46B883FF75FD /* CoreVideo.framework */,
				22DEDF27CAF946539D6734E6 /* QuartzCore.framework */,
				5B9E310C17224EFDB05B8F89 /* AddressBook.framework */,
				DB655A61CF7446049E2D076C /* AddressBookUI.framework */,
				1495914822544F69A670DD59 /* AudioToolbox.framework */,
				BD45E0A610F44C388D6709DF /* UIKit.framework */,
				07A9C39DE4734AA5B704D380 /* Foundation.framework */,
				7FA495384E07432685C6ED2B /* ImageIO.framework */,
				FE98A6581DB740BBB5EE5AF6 /* MessageUI.framework */,
			);
			name = Frameworks;
			sourceTree = "<group>";
		};
		301BF52E109A57CC0062928A /* Products */ = {
			isa = PBXGroup;
			children = (
				301BF535109A57CC0062928A /* libCordova.a */,
			);
			name = Products;
			sourceTree = "<group>";
		};
		3047A50E1AB8057F00498E2A /* config */ = {
			isa = PBXGroup;
			children = (
				3047A50F1AB8059700498E2A /* build-debug.xcconfig */,
				3047A5101AB8059700498E2A /* build-release.xcconfig */,
				3047A5111AB8059700498E2A /* build.xcconfig */,
			);
			name = config;
			sourceTree = "<group>";
		};
		307C750510C5A3420062BCA9 /* Plugins */ = {
			isa = PBXGroup;
			children = (
				1A2191FD0C154D91A0B3B903 /* CDVBarcodeScanner.mm */,
				3666678753234ED4AFCA134A /* zxing-all-in-one.cpp */,
				D4BAFF9F7C5646FBAD242FF2 /* zxing-all-in-one.h */,
				F339FC65AEDB4A45B6691FC7 /* CDVLogger.m */,
				ACD3B0F75FB248DAACA78BF9 /* CDVLogger.h */,
				2510D5859B994DBCBC23322E /* CDVContacts.m */,
				5B5B79565AA24D61BCE4D771 /* CDVContact.m */,
				9B9B5A88CEE34EBBAFCD98DF /* CDVContacts.h */,
				D14CB3A1F15445B090328EF0 /* CDVContact.h */,
				1553C575E9D04FB7B8A3F5C3 /* CDVDevice.m */,
				EC0720E9BEDC432BA30BE3D7 /* CDVDevice.h */,
				DE0BB80C1B824EFD992C116E /* CDVNotification.m */,
				B76AAA723E97408196E05F1C /* CDVNotification.h */,
				1B06CDFF048545D98E66C2F8 /* CDVInAppBrowser.m */,
				0BDA7CE6CDBB411B9D565E85 /* CDVInAppBrowser.h */,
				C419BB5155F940BA8593DEB6 /* IonicKeyboard.m */,
				1A4A95F26C3E4070A2967AEB /* IonicKeyboard.h */,
				847DF244F05540DFA8EA8EBC /* SitewaertsDocumentViewer.m */,
				91206C5C7CCB4273B2748503 /* CGPDFDocument.m */,
				18531CC210FB4BDAA228E182 /* ReaderConstants.m */,
				4E3331B5C6BE4811A2F16EB3 /* ReaderContentPage.m */,
				544B3B6E675D4E71B2DA2ACA /* ReaderContentTile.m */,
				3E1A0612D5D14E7FA6055B24 /* ReaderContentView.m */,
				C31B5BF1B3FC4D1382FB4B74 /* ReaderDocument.m */,
				BD56D80E1C104CD4891581E7 /* ReaderDocumentOutline.m */,
				3B7510EAC370490CAEE475B7 /* ReaderMainPagebar.m */,
				FC4EED91B3F0480CAEF41925 /* ReaderMainToolbar.m */,
				66AB330132FB4F5ABC1BE587 /* ReaderMainToolbar+SDVReaderMainToolbarPassThrough.m */,
				0155F5946A4F4362969D9B88 /* ReaderThumbCache.m */,
				B92F4054506E43A6924DF37B /* ReaderThumbFetch.m */,
				B328BE3FF33D4F6CAF2A279B /* ReaderThumbQueue.m */,
				2B541223EEB44E39948226B3 /* ReaderThumbRender.m */,
				9D27A82EEC3142AABB00235B /* ReaderThumbRequest.m */,
				B22AFD2437624630A99F93CF /* ReaderThumbsView.m */,
				3B8CC0E758FF491883938B49 /* ReaderThumbView.m */,
				6A40F504A94E42BD86230F1C /* ReaderViewController.m */,
				7929D1E97EDB4A50B8DD1213 /* ReaderViewController+SDVReaderViewControllerPassThrough.m */,
				9045EEC8CEA740AE82B56332 /* SDVReaderContentViewDoublePage.m */,
				D62BEB535B0F4232BB59AD9B /* SDVReaderMainPagebar.m */,
				26960A53BBB24F21BDE8AA6D /* SDVReaderMainToolbar.m */,
				10D5DC7BBA6A4D09B58A6DD8 /* SDVReaderViewController.m */,
				8C83404F9DD6432297F285A4 /* SDVThumbsMainToolbar.m */,
				B9C26CDCCFA2443493FF7267 /* SDVThumbsViewController.m */,
				7B7F691A0F024B9886C0A8E1 /* ThumbsMainToolbar.m */,
				5D518927BBF346D2BDD3D5C9 /* ThumbsMainToolbar+SDVThumbsMainToolbarPassThrough.m */,
				AE090ACE65574ACC952EDE22 /* ThumbsViewController.m */,
				D1D90978C5F44AF9A59F43A9 /* ThumbsViewController+SDVThumbsViewControllerPassThrough.m */,
				E39DB23C564A48A8B94DA071 /* UIXToolbarView.m */,
				14B32BD893354ED2B901A047 /* SitewaertsDocumentViewer.h */,
				7E6590F6A7F24D0B8E8B756F /* CGPDFDocument.h */,
				935CDFE22C3F442CBFC860E1 /* ReaderConstants.h */,
				A365E8ACEAA14E7E8E23D9E9 /* ReaderContentPage.h */,
				9D2AF8C672AD41728A831532 /* ReaderContentTile.h */,
				98F92CAC979D4624982F8CDD /* ReaderContentView.h */,
				3C929AE26BBC401D9225D684 /* ReaderDocument.h */,
				F33DEAC9CE9346E4ABE49983 /* ReaderDocumentOutline.h */,
				7998177EAE694C1DAC7E2BAB /* ReaderMainPagebar.h */,
				AE2F79E1FC264011B59A950A /* ReaderMainToolbar.h */,
				70129BF8179A4823AAA112A5 /* ReaderMainToolbar+SDVReaderMainToolbarPassThrough.h */,
				9908460077B649A89F33689E /* ReaderThumbCache.h */,
				B905BCC8A65942C9BCDBF226 /* ReaderThumbFetch.h */,
				F660E44AF97B45B68DB0A87D /* ReaderThumbQueue.h */,
				0DF3F7EDB98D42C29F62343B /* ReaderThumbRender.h */,
				3AE9D8BC52A142FAA5A14156 /* ReaderThumbRequest.h */,
				B82E4AF76EA2453EA640FCC4 /* ReaderThumbsView.h */,
				75857C4346554D20868AFCBE /* ReaderThumbView.h */,
				08508C67516A494D8CAEACF5 /* ReaderViewController.h */,
				C0AD627D1C994400B49B98FF /* ReaderViewController+SDVReaderViewControllerPassThrough.h */,
				05D95ACB309548F6948937FA /* SDVReaderContentViewDoublePage.h */,
				FB959A721D0C4CCEA9BB2101 /* SDVReaderMainPagebar.h */,
				E35DB1EAE8F141D88A16236F /* SDVReaderMainToolbar.h */,
				A3C05654B6D24B12872CDED9 /* SDVReaderViewController.h */,
				8E932E5A90ED4481B3205878 /* SDVThumbsMainToolbar.h */,
				3C42AD1DD8A14759AEC1BBB3 /* SDVThumbsViewController.h */,
				001B7C0B782649FA820692B7 /* ThumbsMainToolbar.h */,
				1DC71038466F42219C8DF2B4 /* ThumbsMainToolbar+SDVThumbsMainToolbarPassThrough.h */,
				37CDC749BE604552A63AE00B /* ThumbsViewController.h */,
				73FA60DF2291421496AFFB86 /* ThumbsViewController+SDVThumbsViewControllerPassThrough.h */,
				4ED8BC814BD248A9894DF699 /* UIXToolbarView.h */,
				FFA84D5A61CE4C2D9550347A /* CDVSplashScreen.m */,
				CF0FC6EFF6B94DC78F9AD3B0 /* CDVViewController+SplashScreen.m */,
				F8CEC75723474F6B843A522A /* CDVSplashScreen.h */,
				94DC2CE0E6544EF2ABB57D68 /* CDVViewController+SplashScreen.h */,
				B549CE519D5E4418B355CADA /* CDVFile.m */,
				CA04ED9F38E6470AA4DEAC2F /* CDVLocalFilesystem.m */,
				C673DB4D7EC846F582FFAFD2 /* CDVAssetLibraryFilesystem.m */,
				EDE1316F1A8F4BA5B056ADAE /* CDVFile.h */,
				530CF2F978DA4C0CA0A66AFA /* CDVLocalFilesystem.h */,
				E723355E7CEF45AC9BB5F85C /* CDVAssetLibraryFilesystem.h */,
				B6CCCDD904F04F8BB3A1DDBE /* SQLitePlugin.m */,
				30DA04EF782C4D7F92EA81C6 /* sqlite3.c */,
				F0B15ABEA16F4253AC16D52B /* SQLitePlugin.h */,
				FCA145DFCB694F828AADFB2D /* sqlite3.h */,
			);
			name = Plugins;
			path = Flynn/Plugins;
			sourceTree = SOURCE_ROOT;
		};
		EB87FDF11871DA420020F90C /* Staging */ = {
			isa = PBXGroup;
			children = (
				F840E1F0165FE0F500CFE078 /* config.xml */,
				301BF56E109A69640062928A /* www */,
			);
			name = Staging;
			sourceTree = "<group>";
		};
/* End PBXGroup section */

/* Begin PBXNativeTarget section */
		1D6058900D05DD3D006BFB54 /* Flynn */ = {
			isa = PBXNativeTarget;
			buildConfigurationList = 1D6058960D05DD3E006BFB54 /* Build configuration list for PBXNativeTarget "Flynn" */;
			buildPhases = (
				304B58A110DAC018002A0835 /* Copy www directory */,
				1D60588D0D05DD3D006BFB54 /* Resources */,
				1D60588E0D05DD3D006BFB54 /* Sources */,
				1D60588F0D05DD3D006BFB54 /* Frameworks */,
			);
			buildRules = (
			);
			dependencies = (
				301BF551109A68C00062928A /* PBXTargetDependency */,
			);
			name = Flynn;
			productName = Flynn;
			productReference = 1D6058910D05DD3D006BFB54 /* Flynn.app */;
			productType = "com.apple.product-type.application";
		};
/* End PBXNativeTarget section */

/* Begin PBXProject section */
		29B97313FDCFA39411CA2CEA /* Project object */ = {
			isa = PBXProject;
			attributes = {
				LastUpgradeCheck = 510;
				TargetAttributes = {
					1D6058900D05DD3D006BFB54 = {
						DevelopmentTeam = G8D6696Z88;
						ProvisioningStyle = Manual;
						SystemCapabilities = {
							com.apple.BackgroundModes = {
								enabled = 1;
							};
						};
					};
				};
			};
			buildConfigurationList = C01FCF4E08A954540054247B /* Build configuration list for PBXProject "Flynn" */;
			compatibilityVersion = "Xcode 3.2";
			developmentRegion = English;
			hasScannedForEncodings = 1;
			knownRegions = (
				en,
			);
			mainGroup = 29B97314FDCFA39411CA2CEA /* CustomTemplate */;
			projectDirPath = "";
			projectReferences = (
				{
					ProductGroup = 301BF52E109A57CC0062928A /* Products */;
					ProjectRef = 301BF52D109A57CC0062928A /* CordovaLib.xcodeproj */;
				},
			);
			projectRoot = "";
			targets = (
				1D6058900D05DD3D006BFB54 /* Flynn */,
			);
		};
/* End PBXProject section */

/* Begin PBXReferenceProxy section */
		301BF535109A57CC0062928A /* libCordova.a */ = {
			isa = PBXReferenceProxy;
			fileType = archive.ar;
			path = libCordova.a;
			remoteRef = 301BF534109A57CC0062928A /* PBXContainerItemProxy */;
			sourceTree = BUILT_PRODUCTS_DIR;
		};
/* End PBXReferenceProxy section */

/* Begin PBXResourcesBuildPhase section */
		1D60588D0D05DD3D006BFB54 /* Resources */ = {
			isa = PBXResourcesBuildPhase;
			buildActionMask = 2147483647;
			files = (
				302D95F214D2391D003F00A1 /* MainViewController.xib in Resources */,
				0207DA581B56EA530066E2B4 /* Images.xcassets in Resources */,
				6AFF5BF91D6E424B00AB3073 /* CDVLaunchScreen.storyboard in Resources */,
				D66005CBE06949B69EEF3333 /* scannerOverlay.xib in Resources */,
				587B3BDF1E71423B878C86CF /* CDVNotification.bundle in Resources */,
				1B9939430D5747A8B2622E7E /* AppIcon-057.png in Resources */,
				D65E57AAA0364DE5BACFFD71 /* AppIcon-072.png in Resources */,
				622FBEAF2EB340DD8F0DDC13 /* AppIcon-076.png in Resources */,
				60C339224B2D42DF97457A66 /* AppIcon-114.png in Resources */,
				A8818AE74B6042B3843A7C2B /* AppIcon-120.png in Resources */,
				AAAAECF31078421DAF84FC00 /* AppIcon-144.png in Resources */,
				9D1581EDAEE244FBA9F7A8A6 /* AppIcon-152.png in Resources */,
				5F8A4F4CCC874CBCBAA9CC06 /* AppIcon-180.png in Resources */,
				B5EA6C8A20174EEEBD303915 /* Default-568h@2x.png in Resources */,
				68698563C49144A1AB908BDE /* Reader-Button-H.png in Resources */,
				B0C396D653AC4DE69A1871E4 /* Reader-Button-H@2x.png in Resources */,
				ABECD5A4B8A94564B1B51D12 /* Reader-Button-N.png in Resources */,
				727449D2D7844CF7A681A001 /* Reader-Button-N@2x.png in Resources */,
				23F522C6273A4091B06DF319 /* Reader-Email.png in Resources */,
				A68CB52146344FB3BEBCE249 /* Reader-Email@2x.png in Resources */,
				8A8A4797D720449484F0A0AF /* Reader-Export.png in Resources */,
				6D648D793AB44D10AABEAD72 /* Reader-Export@2x.png in Resources */,
				BB38026BA3904399A0EE3B96 /* Reader-Mark-N.png in Resources */,
				E2D52C438FB84D3F9F89152C /* Reader-Mark-N@2x.png in Resources */,
				155F35A1107748E1AFF8E274 /* Reader-Mark-Y.png in Resources */,
				DEDC0C8CD6C24EDCB8CEC987 /* Reader-Mark-Y@2x.png in Resources */,
				B4B914CC26FF46398FC9AD69 /* Reader-Print.png in Resources */,
				CD5C2F7472F54E6B9D7BC77C /* Reader-Print@2x.png in Resources */,
				9DB3949653BC4686889DA529 /* Reader-Thumbs.png in Resources */,
				1FBC5DFDB2854CD9B10894AC /* Reader-Thumbs@2x.png in Resources */,
				0951A49CA0A04E298759603E /* SDVReader-CoverPage.png in Resources */,
				BFFF4087A4074B048A9710A8 /* SDVReader-CoverPage@2x.png in Resources */,
				4A1DEC46A55B4135ACF5F2D4 /* SDVReader-DoublePage.png in Resources */,
				745BB8E928514353AFC1C7CB /* SDVReader-DoublePage@2x.png in Resources */,
				2977D24EAEE344A79B9275C6 /* SDVReader-Outline.png in Resources */,
				3AB73F34D31C43B1AC395C6B /* SDVReader-Outline@2x.png in Resources */,
				F03FAF5AF86A4CA0AC2ECBF4 /* SDVReader-SinglePage.png in Resources */,
				FD6EFBA83EBE4B8BA66AB84E /* SDVReader-SinglePage@2x.png in Resources */,
			);
			runOnlyForDeploymentPostprocessing = 0;
		};
/* End PBXResourcesBuildPhase section */

/* Begin PBXShellScriptBuildPhase section */
		304B58A110DAC018002A0835 /* Copy www directory */ = {
			isa = PBXShellScriptBuildPhase;
			buildActionMask = 2147483647;
			files = (
			);
			inputPaths = (
			);
			name = "Copy www directory";
			outputPaths = (
			);
			runOnlyForDeploymentPostprocessing = 0;
			shellPath = /bin/sh;
			shellScript = "NODEJS_PATH=/usr/local/bin; NVM_NODE_PATH=~/.nvm/versions/node/`nvm version 2>/dev/null`/bin; N_NODE_PATH=`find /usr/local/n/versions/node/* -maxdepth 0 -type d 2>/dev/null | tail -1`/bin; XCODE_NODE_PATH=`xcode-select --print-path`/usr/share/xcs/Node/bin; PATH=$NODEJS_PATH:$NVM_NODE_PATH:$N_NODE_PATH:$XCODE_NODE_PATH:$PATH && node cordova/lib/copy-www-build-step.js";
			showEnvVarsInLog = 0;
		};
/* End PBXShellScriptBuildPhase section */

/* Begin PBXSourcesBuildPhase section */
		1D60588E0D05DD3D006BFB54 /* Sources */ = {
			isa = PBXSourcesBuildPhase;
			buildActionMask = 2147483647;
			files = (
				1D60589B0D05DD56006BFB54 /* main.m in Sources */,
				1D3623260D0F684500981E51 /* AppDelegate.m in Sources */,
				302D95F114D2391D003F00A1 /* MainViewController.m in Sources */,
				85985E8BACCB493B931BE044 /* CDVBarcodeScanner.mm in Sources */,
				01954232DAEF4929BC3F0A44 /* zxing-all-in-one.cpp in Sources */,
				D7A948C7A2604F728A7A1770 /* CDVLogger.m in Sources */,
				42C481AA28794B2F9C6D3A0A /* CDVContacts.m in Sources */,
				3208971D171C4BFF8C69C7C9 /* CDVContact.m in Sources */,
				1491B2FC62C1468FB8343E81 /* CDVDevice.m in Sources */,
				CE4FEAEE29BF439B949C91E2 /* CDVNotification.m in Sources */,
				927282FFA3F0498C9A05E176 /* CDVInAppBrowser.m in Sources */,
				3D4E47937014470D8C719978 /* IonicKeyboard.m in Sources */,
				55FDED08D9F9424094EA1215 /* SitewaertsDocumentViewer.m in Sources */,
				1DA70C3F1FB14FE59FAC0FEC /* CGPDFDocument.m in Sources */,
				662DFAE692A9489197FCF64E /* ReaderConstants.m in Sources */,
				F7067EA1F4594E7499A1DC82 /* ReaderContentPage.m in Sources */,
				33B5DB3C17E04581A2833F89 /* ReaderContentTile.m in Sources */,
				ED0E5E29252942ECB2F27A02 /* ReaderContentView.m in Sources */,
				623061367D2E4965B28DF2C2 /* ReaderDocument.m in Sources */,
				549FC5DC8CEE4D1586703EEB /* ReaderDocumentOutline.m in Sources */,
				CD76D9483E314B2C8EFAD0E3 /* ReaderMainPagebar.m in Sources */,
				9E53153094EE4017B5B45F01 /* ReaderMainToolbar.m in Sources */,
				E08018C6466B4FC29C3F3FE2 /* ReaderMainToolbar+SDVReaderMainToolbarPassThrough.m in Sources */,
				317DEE1A252145F5A8C3D6A3 /* ReaderThumbCache.m in Sources */,
				18621CBF68C24ECDA967E455 /* ReaderThumbFetch.m in Sources */,
				A4CDF1962CAD4AD9AA7EA5ED /* ReaderThumbQueue.m in Sources */,
				E8712870F9F94CB8BD057EFF /* ReaderThumbRender.m in Sources */,
				C8418A6F099748048D42AC70 /* ReaderThumbRequest.m in Sources */,
				7D95B7345B8E4AF6A264BE78 /* ReaderThumbsView.m in Sources */,
				308639DAC0A148B6BDBA4997 /* ReaderThumbView.m in Sources */,
				B6257CBC922844CB99C427E0 /* ReaderViewController.m in Sources */,
				5540CDC0539D493EAAEB8CBA /* ReaderViewController+SDVReaderViewControllerPassThrough.m in Sources */,
				B433A2C71DF14A8B8BED3F4F /* SDVReaderContentViewDoublePage.m in Sources */,
				C2EFDB84F50B4F61BA128FF7 /* SDVReaderMainPagebar.m in Sources */,
				3ED89109C061421EB9C2FD9E /* SDVReaderMainToolbar.m in Sources */,
				41B80341F0114948B660195A /* SDVReaderViewController.m in Sources */,
				1D772DFB6F784F3DA6DFB2D7 /* SDVThumbsMainToolbar.m in Sources */,
				A91E233CFD1D456499453E48 /* SDVThumbsViewController.m in Sources */,
				5FD6E732AD27491FBA177A7F /* ThumbsMainToolbar.m in Sources */,
				58FD29B8421642C8BB698421 /* ThumbsMainToolbar+SDVThumbsMainToolbarPassThrough.m in Sources */,
				5571D6EE18C746C493828F2E /* ThumbsViewController.m in Sources */,
				8A3BF4A4F5404C4686D40432 /* ThumbsViewController+SDVThumbsViewControllerPassThrough.m in Sources */,
				4E01C29605DA4887A32DBE54 /* UIXToolbarView.m in Sources */,
				A5F0120EC5A24A91849F5125 /* CDVSplashScreen.m in Sources */,
				AF54842DCEC04FEF9C252445 /* CDVViewController+SplashScreen.m in Sources */,
				F66C9AB25CEC4EDAB89D3CC6 /* CDVFile.m in Sources */,
				6C8476D6E2B64E27ADB5AA01 /* CDVLocalFilesystem.m in Sources */,
				4F3C4D75525E4FC2AD65EFFD /* CDVAssetLibraryFilesystem.m in Sources */,
				31F74427AE95472FB417D281 /* SQLitePlugin.m in Sources */,
				67CD53520AA2462DBAFB3718 /* sqlite3.c in Sources */,
			);
			runOnlyForDeploymentPostprocessing = 0;
		};
/* End PBXSourcesBuildPhase section */

/* Begin PBXTargetDependency section */
		301BF551109A68C00062928A /* PBXTargetDependency */ = {
			isa = PBXTargetDependency;
			name = CordovaLib;
			targetProxy = 301BF550109A68C00062928A /* PBXContainerItemProxy */;
		};
/* End PBXTargetDependency section */

/* Begin XCBuildConfiguration section */
		1D6058940D05DD3E006BFB54 /* Debug */ = {
			isa = XCBuildConfiguration;
			baseConfigurationReference = 3047A50F1AB8059700498E2A /* build-debug.xcconfig */;
			buildSettings = {
				ALWAYS_SEARCH_USER_PATHS = NO;
				ASSETCATALOG_COMPILER_APPICON_NAME = AppIcon;
				ASSETCATALOG_COMPILER_LAUNCHIMAGE_NAME = LaunchImage;
				CLANG_ENABLE_MODULES = YES;
				CLANG_ENABLE_OBJC_ARC = YES;
				CODE_SIGN_IDENTITY = "";
				"CODE_SIGN_IDENTITY[sdk=iphoneos*]" = "";
				COPY_PHASE_STRIP = NO;
				DEVELOPMENT_TEAM = G8D6696Z88;
				GCC_DYNAMIC_NO_PIC = NO;
				GCC_OPTIMIZATION_LEVEL = 0;
				GCC_PRECOMPILE_PREFIX_HEADER = YES;
				GCC_PREFIX_HEADER = "Flynn/Flynn-Prefix.pch";
				GCC_THUMB_SUPPORT = NO;
				GCC_VERSION = "";
				INFOPLIST_FILE = "Flynn/Flynn-Info.plist";
				LD_RUNPATH_SEARCH_PATHS = "@executable_path/Frameworks";
				PRODUCT_NAME = Flynn;
				PROVISIONING_PROFILE = "f3bad0a6-5bce-4f09-892c-07caa18e4f8e";
				PROVISIONING_PROFILE_SPECIFIER = "Flynn Distribution";
			};
			name = Debug;
		};
		1D6058950D05DD3E006BFB54 /* Release */ = {
			isa = XCBuildConfiguration;
			baseConfigurationReference = 3047A5101AB8059700498E2A /* build-release.xcconfig */;
			buildSettings = {
				ALWAYS_SEARCH_USER_PATHS = NO;
				ASSETCATALOG_COMPILER_APPICON_NAME = AppIcon;
				ASSETCATALOG_COMPILER_LAUNCHIMAGE_NAME = LaunchImage;
				CLANG_ENABLE_MODULES = YES;
				CLANG_ENABLE_OBJC_ARC = YES;
				CODE_SIGN_IDENTITY = "";
				"CODE_SIGN_IDENTITY[sdk=iphoneos*]" = "";
				COPY_PHASE_STRIP = YES;
				DEVELOPMENT_TEAM = G8D6696Z88;
				GCC_PRECOMPILE_PREFIX_HEADER = YES;
				GCC_PREFIX_HEADER = "Flynn/Flynn-Prefix.pch";
				GCC_THUMB_SUPPORT = NO;
				GCC_VERSION = "";
				INFOPLIST_FILE = "Flynn/Flynn-Info.plist";
				LD_RUNPATH_SEARCH_PATHS = "@executable_path/Frameworks";
				PRODUCT_NAME = Flynn;
				PROVISIONING_PROFILE = "f3bad0a6-5bce-4f09-892c-07caa18e4f8e";
				PROVISIONING_PROFILE_SPECIFIER = "Flynn Distribution";
			};
			name = Release;
		};
		C01FCF4F08A954540054247B /* Debug */ = {
			isa = XCBuildConfiguration;
			baseConfigurationReference = 3047A5111AB8059700498E2A /* build.xcconfig */;
			buildSettings = {
				CLANG_ENABLE_MODULES = YES;
				CLANG_ENABLE_OBJC_ARC = YES;
				CLANG_WARN_BOOL_CONVERSION = YES;
				CLANG_WARN_CONSTANT_CONVERSION = YES;
				CLANG_WARN_EMPTY_BODY = YES;
				CLANG_WARN_ENUM_CONVERSION = YES;
				CLANG_WARN_INT_CONVERSION = YES;
				CLANG_WARN__DUPLICATE_METHOD_MATCH = YES;
				CODE_SIGN_IDENTITY = "iPhone Distribution: Holisticon AG";
				GCC_C_LANGUAGE_STANDARD = c99;
				GCC_THUMB_SUPPORT = NO;
				GCC_VERSION = "";
				GCC_WARN_ABOUT_RETURN_TYPE = YES;
				GCC_WARN_UNDECLARED_SELECTOR = YES;
				GCC_WARN_UNINITIALIZED_AUTOS = YES;
				GCC_WARN_UNUSED_FUNCTION = YES;
				GCC_WARN_UNUSED_VARIABLE = YES;
				ONLY_ACTIVE_ARCH = YES;
				SDKROOT = iphoneos;
				SKIP_INSTALL = NO;
			};
			name = Debug;
		};
		C01FCF5008A954540054247B /* Release */ = {
			isa = XCBuildConfiguration;
			baseConfigurationReference = 3047A5111AB8059700498E2A /* build.xcconfig */;
			buildSettings = {
				CLANG_ENABLE_MODULES = YES;
				CLANG_ENABLE_OBJC_ARC = YES;
				CLANG_WARN_BOOL_CONVERSION = YES;
				CLANG_WARN_CONSTANT_CONVERSION = YES;
				CLANG_WARN_EMPTY_BODY = YES;
				CLANG_WARN_ENUM_CONVERSION = YES;
				CLANG_WARN_INT_CONVERSION = YES;
				CLANG_WARN__DUPLICATE_METHOD_MATCH = YES;
				CODE_SIGN_IDENTITY = "iPhone Distribution: Holisticon AG";
				GCC_C_LANGUAGE_STANDARD = c99;
				GCC_THUMB_SUPPORT = NO;
				GCC_VERSION = "";
				GCC_WARN_ABOUT_RETURN_TYPE = YES;
				GCC_WARN_UNDECLARED_SELECTOR = YES;
				GCC_WARN_UNINITIALIZED_AUTOS = YES;
				GCC_WARN_UNUSED_FUNCTION = YES;
				GCC_WARN_UNUSED_VARIABLE = YES;
				SDKROOT = iphoneos;
				SKIP_INSTALL = NO;
			};
			name = Release;
		};
/* End XCBuildConfiguration section */

/* Begin XCConfigurationList section */
		1D6058960D05DD3E006BFB54 /* Build configuration list for PBXNativeTarget "Flynn" */ = {
			isa = XCConfigurationList;
			buildConfigurations = (
				1D6058940D05DD3E006BFB54 /* Debug */,
				1D6058950D05DD3E006BFB54 /* Release */,
			);
			defaultConfigurationIsVisible = 0;
			defaultConfigurationName = Release;
		};
		C01FCF4E08A954540054247B /* Build configuration list for PBXProject "Flynn" */ = {
			isa = XCConfigurationList;
			buildConfigurations = (
				C01FCF4F08A954540054247B /* Debug */,
				C01FCF5008A954540054247B /* Release */,
			);
			defaultConfigurationIsVisible = 0;
			defaultConfigurationName = Release;
		};
/* End XCConfigurationList section */
	};
	rootObject = 29B97313FDCFA39411CA2CEA /* Project object */;
}
